
Microsoft Visual Studio Solution File, Format Version 12.00
# Visual Studio Version 17
VisualStudioVersion = 17.14.36401.2
MinimumVisualStudioVersion = 10.0.40219.1
Project("{2150E333-8FDC-42A3-9474-1A3956D46DE8}") = "2.1 Inheritance", "2.1 Inheritance", "{EF9A2A78-D1DB-4208-908B-C843702FE70B}"
EndProject
Project("{FAE04EC0-301F-11D3-BF4B-00C04F79EFBC}") = "01 - Classes", "2.1 Inheritance\01 - Classes\01 - Classes.csproj", "{D5F2135D-DE9A-E757-BBA9-0495676ACDC0}"
EndProject
Project("{FAE04EC0-301F-11D3-BF4B-00C04F79EFBC}") = "02 - Automatic Properties", "2.1 Inheritance\02 - Automatic Properties\02 - Automatic Properties.csproj", "{AF84F045-DA02-27B7-36DC-6855B0897A5F}"
EndProject
Project("{FAE04EC0-301F-11D3-BF4B-00C04F79EFBC}") = "03 - Access Modifiers", "2.1 Inheritance\03 - Access Modifiers\03 - Access Modifiers.csproj", "{EA798649-D847-58E2-2EE2-EFED21D8D7F2}"
EndProject
Project("{FAE04EC0-301F-11D3-BF4B-00C04F79EFBC}") = "04 - Constructors", "2.1 Inheritance\04 - Constructors\04 - Constructors.csproj", "{91E9FB90-2D19-5602-F389-711C37F99662}"
EndProject
Project("{FAE04EC0-301F-11D3-BF4B-00C04F79EFBC}") = "05 - Object-initializer Syntax", "2.1 Inheritance\05 - Object-initializer Syntax\05 - Object-initializer Syntax.csproj", "{87F03773-4D78-7BB6-59A3-DB73E705AABF}"
EndProject
Project("{FAE04EC0-301F-11D3-BF4B-00C04F79EFBC}") = "06 - Required Begin", "2.1 Inheritance\06 - Required Begin\06 - Required Begin.csproj", "{C4094673-69BA-50A1-8413-08CB35FF9597}"
EndProject
Project("{FAE04EC0-301F-11D3-BF4B-00C04F79EFBC}") = "06 - Required Complete", "2.1 Inheritance\06 - Required Complete\06 - Required Complete.csproj", "{31434324-4EE5-9FA5-1654-68DACD908081}"
EndProject
Project("{FAE04EC0-301F-11D3-BF4B-00C04F79EFBC}") = "07 - Deconstructors", "2.1 Inheritance\07 - Deconstructors\07 - Deconstructors.csproj", "{94C6918A-D4AF-B151-9B50-394E81FD4521}"
EndProject
Project("{FAE04EC0-301F-11D3-BF4B-00C04F79EFBC}") = "08 - Static Members", "2.1 Inheritance\08 - Static Members\08 - Static Members.csproj", "{52F3962F-6366-09B3-0E01-0D0954D2C4AF}"
EndProject
Project("{FAE04EC0-301F-11D3-BF4B-00C04F79EFBC}") = "09 - Static Members and Extension Methods", "2.1 Inheritance\09 - Static Members and Extension Methods\09 - Static Members and Extension Methods.csproj", "{22BFD05D-18B6-EC2C-81B0-18CE114E8AF1}"
EndProject
Project("{FAE04EC0-301F-11D3-BF4B-00C04F79EFBC}") = "10 - Inheritance Begin", "2.1 Inheritance\10 - Inheritance Begin\10 - Inheritance Begin.csproj", "{1CEF1AFE-C98F-60B4-09CF-D6F59CA7C975}"
EndProject
Project("{FAE04EC0-301F-11D3-BF4B-00C04F79EFBC}") = "10 - Inheritance Complete", "2.1 Inheritance\10 - Inheritance Complete\10 - Inheritance Complete.csproj", "{4CF1850E-5848-E381-CCF5-1C92F24B4BFD}"
EndProject
Project("{FAE04EC0-301F-11D3-BF4B-00C04F79EFBC}") = "11 - Base and Protected Begin", "2.1 Inheritance\11 - Base and Protected Begin\11 - Base and Protected Begin.csproj", "{9A2ED055-D89E-6B73-A37A-7CB8A27B7902}"
EndProject
Project("{FAE04EC0-301F-11D3-BF4B-00C04F79EFBC}") = "11 - Base and Protected Complete", "2.1 Inheritance\11 - Base and Protected Complete\11 - Base and Protected Complete.csproj", "{DBD5C69E-202E-1450-8239-A1B8808C4845}"
EndProject
Project("{FAE04EC0-301F-11D3-BF4B-00C04F79EFBC}") = "12 - Overriding", "2.1 Inheritance\12 - Overriding\12 - Overriding.csproj", "{31AC2495-EB9A-585A-88A0-A0B64F4DA258}"
EndProject
Project("{FAE04EC0-301F-11D3-BF4B-00C04F79EFBC}") = "13 - Controlling Inheritance", "2.1 Inheritance\13 - Controlling Inheritance\13 - Controlling Inheritance.csproj", "{BB4A4842-0066-7BFD-019C-FC4FA7371822}"
EndProject
Project("{2150E333-8FDC-42A3-9474-1A3956D46DE8}") = "2.2 Exceptions", "2.2 Exceptions", "{2D43FF98-9F4C-4B69-9386-75B6E2033D18}"
EndProject
Project("{FAE04EC0-301F-11D3-BF4B-00C04F79EFBC}") = "01 - Try-Catch-Finally", "2.2 Exceptions\01 - Try-Catch-Finally\01 - Try-Catch-Finally.csproj", "{B200F339-6808-3825-CFC3-C79F3252D1B8}"
EndProject
Project("{FAE04EC0-301F-11D3-BF4B-00C04F79EFBC}") = "02 - Throw Begin", "2.2 Exceptions\02 - Throw Begin\02 - Throw Begin.csproj", "{9254D7A4-8DA5-ADD3-D6A9-74E2A6E3D6FD}"
EndProject
Project("{FAE04EC0-301F-11D3-BF4B-00C04F79EFBC}") = "02 - Throw Complete", "2.2 Exceptions\02 - Throw Complete\02 - Throw Complete.csproj", "{6F6C026A-4086-90B8-13DE-632F68F05210}"
EndProject
Project("{FAE04EC0-301F-11D3-BF4B-00C04F79EFBC}") = "03 - Exception Filter Begin", "2.2 Exceptions\03 - Exception Filter Begin\03 - Exception Filter Begin.csproj", "{4493AD50-EA76-57C9-11DF-2F65C6F8F7B6}"
EndProject
Project("{FAE04EC0-301F-11D3-BF4B-00C04F79EFBC}") = "03 - Exception Filter Complete", "2.2 Exceptions\03 - Exception Filter Complete\03 - Exception Filter Complete.csproj", "{D53B6825-4AD2-871D-2094-42EB752FA56E}"
EndProject
Project("{2150E333-8FDC-42A3-9474-1A3956D46DE8}") = "2.3 Structs", "2.3 Structs", "{B024C5C4-7E79-49EB-886B-9C97AF3E53EB}"
EndProject
Project("{FAE04EC0-301F-11D3-BF4B-00C04F79EFBC}") = "01 - Structs Begin", "2.3 Structs\01 - Structs Begin\01 - Structs Begin.csproj", "{3D2BC492-98D4-B0AD-B119-E967A7E705A0}"
EndProject
Project("{FAE04EC0-301F-11D3-BF4B-00C04F79EFBC}") = "01 - Structs Complete", "2.3 Structs\01 - Structs Complete\01 - Structs Complete.csproj", "{68F84567-DF71-1734-85ED-3E7FD1863768}"
EndProject
Project("{2150E333-8FDC-42A3-9474-1A3956D46DE8}") = "2.4 Generics", "2.4 Generics", "{02EA681E-C7D8-13C7-8484-4AC65E1B71E8}"
EndProject
Project("{FAE04EC0-301F-11D3-BF4B-00C04F79EFBC}") = "01 - Boxing", "2.4 Generics\01 - Boxing\01 - Boxing.csproj", "{137519DC-7518-66D9-7D77-96EED1F0A9D5}"
EndProject
Project("{FAE04EC0-301F-11D3-BF4B-00C04F79EFBC}") = "02 - Stack", "2.4 Generics\02 - Stack\02 - Stack.csproj", "{D080CB90-7851-3481-294A-61D82CFE553A}"
EndProject
Project("{FAE04EC0-301F-11D3-BF4B-00C04F79EFBC}") = "03 - Generic Stack", "2.4 Generics\03 - Generic Stack\03 - Generic Stack.csproj", "{D7CDCE13-2742-5FF3-257F-0B058494009C}"
EndProject
Project("{FAE04EC0-301F-11D3-BF4B-00C04F79EFBC}") = "04 - Generic Methods", "2.4 Generics\04 - Generic Methods\04 - Generic Methods.csproj", "{9DAC7251-FA23-C303-362E-2546B569F05E}"
EndProject
Project("{FAE04EC0-301F-11D3-BF4B-00C04F79EFBC}") = "05 - Generic Types", "2.4 Generics\05 - Generic Types\05 - Generic Types.csproj", "{89679301-9551-F9C7-A8E1-C256178026C5}"
EndProject
Project("{FAE04EC0-301F-11D3-BF4B-00C04F79EFBC}") = "06 - Default", "2.4 Generics\06 - Default\06 - Default.csproj", "{44EEE3D1-076E-1091-5991-2D1910450812}"
EndProject
Project("{2150E333-8FDC-42A3-9474-1A3956D46DE8}") = "2.5 Interfaces", "2.5 Interfaces", "{28C4458A-B919-4D81-A064-C5853DFFE50C}"
EndProject
Project("{FAE04EC0-301F-11D3-BF4B-00C04F79EFBC}") = "01 - Introducing Interfaces Begin", "2.5 Interfaces\01 - Introducing Interfaces Begin\01 - Introducing Interfaces Begin.csproj", "{4236D5BD-5C96-AEC7-909D-27026C91F27E}"
EndProject
Project("{FAE04EC0-301F-11D3-BF4B-00C04F79EFBC}") = "01 - Introducing Interfaces Complete", "2.5 Interfaces\01 - Introducing Interfaces Complete\01 - Introducing Interfaces Complete.csproj", "{89E755D7-F1C1-A495-D74A-945EED5AAFE1}"
EndProject
Project("{FAE04EC0-301F-11D3-BF4B-00C04F79EFBC}") = "02 - IEnumerable", "2.5 Interfaces\02 - IEnumerable\02 - IEnumerable.csproj", "{E1D8FCB8-A2B7-37BB-E5DA-93F6E27ADBD9}"
EndProject
Project("{FAE04EC0-301F-11D3-BF4B-00C04F79EFBC}") = "03 - Implementing IEnumerable", "2.5 Interfaces\03 - Implementing IEnumerable\03 - Implementing IEnumerable.csproj", "{78DF0AFA-DC07-8992-3924-0D7B4299B395}"
EndProject
Project("{FAE04EC0-301F-11D3-BF4B-00C04F79EFBC}") = "04 - Default Interface Methods Before", "2.5 Interfaces\04 - Default Interface Methods Before\04 - Default Interface Methods Before.csproj", "{B06A3F3C-CEB5-8A64-915C-563923ABF930}"
EndProject
Project("{FAE04EC0-301F-11D3-BF4B-00C04F79EFBC}") = "04 - Default Interface Methods Complete", "2.5 Interfaces\04 - Default Interface Methods Complete\04 - Default Interface Methods Complete.csproj", "{24FA3E67-F316-ECA7-A67E-BDFB2C6CBB5F}"
EndProject
Project("{FAE04EC0-301F-11D3-BF4B-00C04F79EFBC}") = "05 - Static Interface Members", "2.5 Interfaces\05 - Static Interface Members\05 - Static Interface Members.csproj", "{5E18C3DF-E8BC-1CA4-509D-ABD7FBBE9FC0}"
EndProject
Project("{FAE04EC0-301F-11D3-BF4B-00C04F79EFBC}") = "06 - Interfaces vs. Classes", "2.5 Interfaces\06 - Interfaces vs. Classes\06 - Interfaces vs. Classes.csproj", "{D1F70B61-FBEF-0744-5095-6B1629521FF5}"
EndProject
Project("{FAE04EC0-301F-11D3-BF4B-00C04F79EFBC}") = "07 - Static Abstract Members in Interfaces Begin", "2.5 Interfaces\07 - Static Abstract Members in Interfaces Begin\07 - Static Abstract Members in Interfaces Begin.csproj", "{A96A01A5-8DDF-3234-C752-014D219DCB54}"
EndProject
Project("{FAE04EC0-301F-11D3-BF4B-00C04F79EFBC}") = "07 - Static Abstract Members in Interfaces Complete", "2.5 Interfaces\07 - Static Abstract Members in Interfaces Complete\07 - Static Abstract Members in Interfaces Complete.csproj", "{5AE0FB5C-CC68-BDE3-808F-E7E293DBB98A}"
EndProject
Project("{2150E333-8FDC-42A3-9474-1A3956D46DE8}") = "2.6 Collections", "2.6 Collections", "{E4226FCF-FE52-4E8A-AACA-CCDC5ED298D0}"
EndProject
Project("{FAE04EC0-301F-11D3-BF4B-00C04F79EFBC}") = "01 - Dictionary", "2.6 Collections\01 - Dictionary\01 - Dictionary.csproj", "{BCF2295F-9D1E-EB3A-9A43-71F81694300E}"
EndProject
Project("{FAE04EC0-301F-11D3-BF4B-00C04F79EFBC}") = "02 - Index Initializer Syntax", "2.6 Collections\02 - Index Initializer Syntax\02 - Index Initializer Syntax.csproj", "{5682A5E3-4FCA-46B0-7377-B92FF2980096}"
EndProject
Project("{FAE04EC0-301F-11D3-BF4B-00C04F79EFBC}") = "03 - Collection Initializer Syntax", "2.6 Collections\03 - Collection Initializer Syntax\03 - Collection Initializer Syntax.csproj", "{7F6FD52F-525C-66FB-0F46-BAF6F89E32F2}"
EndProject
Project("{FAE04EC0-301F-11D3-BF4B-00C04F79EFBC}") = "04 - Index", "2.6 Collections\04 - Index\04 - Index.csproj", "{D79779C6-7F8A-4FC4-2D9B-0556824A880E}"
EndProject
Project("{FAE04EC0-301F-11D3-BF4B-00C04F79EFBC}") = "05 - Range", "2.6 Collections\05 - Range\05 - Range.csproj", "{AEAFC4FF-73A8-9F0A-AD2A-B4680C01ABB1}"
EndProject
Project("{FAE04EC0-301F-11D3-BF4B-00C04F79EFBC}") = "06 - Spans", "2.6 Collections\06 - Spans\06 - Spans.csproj", "{39C7E06F-7841-336F-8FD9-8A0EFCA87E94}"
EndProject
Project("{FAE04EC0-301F-11D3-BF4B-00C04F79EFBC}") = "07 - Collection Expressions Begin", "2.6 Collections\07 - Collection Expressions Begin\07 - Collection Expressions Begin.csproj", "{96566CFD-E7C1-9612-078D-D0AE57A5C056}"
EndProject
Project("{FAE04EC0-301F-11D3-BF4B-00C04F79EFBC}") = "07 - Collection Expressions Complete", "2.6 Collections\07 - Collection Expressions Complete\07 - Collection Expressions Complete.csproj", "{ADBC111D-2856-AB6B-5669-BAD0430A2E0F}"
EndProject
Project("{FAE04EC0-301F-11D3-BF4B-00C04F79EFBC}") = "08 - Supported Collection Types", "2.6 Collections\08 - Supported Collection Types\08 - Supported Collection Types.csproj", "{FAAFCD6E-D0E0-8D66-66F6-D801269215EF}"
EndProject
Project("{FAE04EC0-301F-11D3-BF4B-00C04F79EFBC}") = "09 - Spread Operator Begin", "2.6 Collections\09 - Spread Operator Begin\09 - Spread Operator Begin.csproj", "{5530DD28-F249-7BF0-CBB9-97635EE46587}"
EndProject
Project("{FAE04EC0-301F-11D3-BF4B-00C04F79EFBC}") = "09 - Spread Operator Complete", "2.6 Collections\09 - Spread Operator Complete\09 - Spread Operator Complete.csproj", "{8D1A4C54-36A8-39A3-8EA1-483FB1D47FFF}"
EndProject
Project("{FAE04EC0-301F-11D3-BF4B-00C04F79EFBC}") = "07 - Value Type Constraint", "2.4 Generics\07 - Value Type Constraint\07 - Value Type Constraint.csproj", "{490248EF-1639-B08B-B547-736CEF133D15}"
EndProject
Global
	GlobalSection(SolutionConfigurationPlatforms) = preSolution
		Debug|Any CPU = Debug|Any CPU
		Release|Any CPU = Release|Any CPU
	EndGlobalSection
	GlobalSection(ProjectConfigurationPlatforms) = postSolution
		{D5F2135D-DE9A-E757-BBA9-0495676ACDC0}.Debug|Any CPU.ActiveCfg = Debug|Any CPU
		{D5F2135D-DE9A-E757-BBA9-0495676ACDC0}.Debug|Any CPU.Build.0 = Debug|Any CPU
		{D5F2135D-DE9A-E757-BBA9-0495676ACDC0}.Release|Any CPU.ActiveCfg = Release|Any CPU
		{D5F2135D-DE9A-E757-BBA9-0495676ACDC0}.Release|Any CPU.Build.0 = Release|Any CPU
		{AF84F045-DA02-27B7-36DC-6855B0897A5F}.Debug|Any CPU.ActiveCfg = Debug|Any CPU
		{AF84F045-DA02-27B7-36DC-6855B0897A5F}.Debug|Any CPU.Build.0 = Debug|Any CPU
		{AF84F045-DA02-27B7-36DC-6855B0897A5F}.Release|Any CPU.ActiveCfg = Release|Any CPU
		{AF84F045-DA02-27B7-36DC-6855B0897A5F}.Release|Any CPU.Build.0 = Release|Any CPU
		{EA798649-D847-58E2-2EE2-EFED21D8D7F2}.Debug|Any CPU.ActiveCfg = Debug|Any CPU
		{EA798649-D847-58E2-2EE2-EFED21D8D7F2}.Debug|Any CPU.Build.0 = Debug|Any CPU
		{EA798649-D847-58E2-2EE2-EFED21D8D7F2}.Release|Any CPU.ActiveCfg = Release|Any CPU
		{EA798649-D847-58E2-2EE2-EFED21D8D7F2}.Release|Any CPU.Build.0 = Release|Any CPU
		{91E9FB90-2D19-5602-F389-711C37F99662}.Debug|Any CPU.ActiveCfg = Debug|Any CPU
		{91E9FB90-2D19-5602-F389-711C37F99662}.Debug|Any CPU.Build.0 = Debug|Any CPU
		{91E9FB90-2D19-5602-F389-711C37F99662}.Release|Any CPU.ActiveCfg = Release|Any CPU
		{91E9FB90-2D19-5602-F389-711C37F99662}.Release|Any CPU.Build.0 = Release|Any CPU
		{87F03773-4D78-7BB6-59A3-DB73E705AABF}.Debug|Any CPU.ActiveCfg = Debug|Any CPU
		{87F03773-4D78-7BB6-59A3-DB73E705AABF}.Debug|Any CPU.Build.0 = Debug|Any CPU
		{87F03773-4D78-7BB6-59A3-DB73E705AABF}.Release|Any CPU.ActiveCfg = Release|Any CPU
		{87F03773-4D78-7BB6-59A3-DB73E705AABF}.Release|Any CPU.Build.0 = Release|Any CPU
		{C4094673-69BA-50A1-8413-08CB35FF9597}.Debug|Any CPU.ActiveCfg = Debug|Any CPU
		{C4094673-69BA-50A1-8413-08CB35FF9597}.Debug|Any CPU.Build.0 = Debug|Any CPU
		{C4094673-69BA-50A1-8413-08CB35FF9597}.Release|Any CPU.ActiveCfg = Release|Any CPU
		{C4094673-69BA-50A1-8413-08CB35FF9597}.Release|Any CPU.Build.0 = Release|Any CPU
		{31434324-4EE5-9FA5-1654-68DACD908081}.Debug|Any CPU.ActiveCfg = Debug|Any CPU
		{31434324-4EE5-9FA5-1654-68DACD908081}.Debug|Any CPU.Build.0 = Debug|Any CPU
		{31434324-4EE5-9FA5-1654-68DACD908081}.Release|Any CPU.ActiveCfg = Release|Any CPU
		{31434324-4EE5-9FA5-1654-68DACD908081}.Release|Any CPU.Build.0 = Release|Any CPU
		{94C6918A-D4AF-B151-9B50-394E81FD4521}.Debug|Any CPU.ActiveCfg = Debug|Any CPU
		{94C6918A-D4AF-B151-9B50-394E81FD4521}.Debug|Any CPU.Build.0 = Debug|Any CPU
		{94C6918A-D4AF-B151-9B50-394E81FD4521}.Release|Any CPU.ActiveCfg = Release|Any CPU
		{94C6918A-D4AF-B151-9B50-394E81FD4521}.Release|Any CPU.Build.0 = Release|Any CPU
		{52F3962F-6366-09B3-0E01-0D0954D2C4AF}.Debug|Any CPU.ActiveCfg = Debug|Any CPU
		{52F3962F-6366-09B3-0E01-0D0954D2C4AF}.Debug|Any CPU.Build.0 = Debug|Any CPU
		{52F3962F-6366-09B3-0E01-0D0954D2C4AF}.Release|Any CPU.ActiveCfg = Release|Any CPU
		{52F3962F-6366-09B3-0E01-0D0954D2C4AF}.Release|Any CPU.Build.0 = Release|Any CPU
		{22BFD05D-18B6-EC2C-81B0-18CE114E8AF1}.Debug|Any CPU.ActiveCfg = Debug|Any CPU
		{22BFD05D-18B6-EC2C-81B0-18CE114E8AF1}.Debug|Any CPU.Build.0 = Debug|Any CPU
		{22BFD05D-18B6-EC2C-81B0-18CE114E8AF1}.Release|Any CPU.ActiveCfg = Release|Any CPU
		{22BFD05D-18B6-EC2C-81B0-18CE114E8AF1}.Release|Any CPU.Build.0 = Release|Any CPU
		{1CEF1AFE-C98F-60B4-09CF-D6F59CA7C975}.Debug|Any CPU.ActiveCfg = Debug|Any CPU
		{1CEF1AFE-C98F-60B4-09CF-D6F59CA7C975}.Debug|Any CPU.Build.0 = Debug|Any CPU
		{1CEF1AFE-C98F-60B4-09CF-D6F59CA7C975}.Release|Any CPU.ActiveCfg = Release|Any CPU
		{1CEF1AFE-C98F-60B4-09CF-D6F59CA7C975}.Release|Any CPU.Build.0 = Release|Any CPU
		{4CF1850E-5848-E381-CCF5-1C92F24B4BFD}.Debug|Any CPU.ActiveCfg = Debug|Any CPU
		{4CF1850E-5848-E381-CCF5-1C92F24B4BFD}.Debug|Any CPU.Build.0 = Debug|Any CPU
		{4CF1850E-5848-E381-CCF5-1C92F24B4BFD}.Release|Any CPU.ActiveCfg = Release|Any CPU
		{4CF1850E-5848-E381-CCF5-1C92F24B4BFD}.Release|Any CPU.Build.0 = Release|Any CPU
		{9A2ED055-D89E-6B73-A37A-7CB8A27B7902}.Debug|Any CPU.ActiveCfg = Debug|Any CPU
		{9A2ED055-D89E-6B73-A37A-7CB8A27B7902}.Debug|Any CPU.Build.0 = Debug|Any CPU
		{9A2ED055-D89E-6B73-A37A-7CB8A27B7902}.Release|Any CPU.ActiveCfg = Release|Any CPU
		{9A2ED055-D89E-6B73-A37A-7CB8A27B7902}.Release|Any CPU.Build.0 = Release|Any CPU
		{DBD5C69E-202E-1450-8239-A1B8808C4845}.Debug|Any CPU.ActiveCfg = Debug|Any CPU
		{DBD5C69E-202E-1450-8239-A1B8808C4845}.Debug|Any CPU.Build.0 = Debug|Any CPU
		{DBD5C69E-202E-1450-8239-A1B8808C4845}.Release|Any CPU.ActiveCfg = Release|Any CPU
		{DBD5C69E-202E-1450-8239-A1B8808C4845}.Release|Any CPU.Build.0 = Release|Any CPU
		{31AC2495-EB9A-585A-88A0-A0B64F4DA258}.Debug|Any CPU.ActiveCfg = Debug|Any CPU
		{31AC2495-EB9A-585A-88A0-A0B64F4DA258}.Debug|Any CPU.Build.0 = Debug|Any CPU
		{31AC2495-EB9A-585A-88A0-A0B64F4DA258}.Release|Any CPU.ActiveCfg = Release|Any CPU
		{31AC2495-EB9A-585A-88A0-A0B64F4DA258}.Release|Any CPU.Build.0 = Release|Any CPU
		{BB4A4842-0066-7BFD-019C-FC4FA7371822}.Debug|Any CPU.ActiveCfg = Debug|Any CPU
		{BB4A4842-0066-7BFD-019C-FC4FA7371822}.Debug|Any CPU.Build.0 = Debug|Any CPU
		{BB4A4842-0066-7BFD-019C-FC4FA7371822}.Release|Any CPU.ActiveCfg = Release|Any CPU
		{BB4A4842-0066-7BFD-019C-FC4FA7371822}.Release|Any CPU.Build.0 = Release|Any CPU
		{B200F339-6808-3825-CFC3-C79F3252D1B8}.Debug|Any CPU.ActiveCfg = Debug|Any CPU
		{B200F339-6808-3825-CFC3-C79F3252D1B8}.Debug|Any CPU.Build.0 = Debug|Any CPU
		{B200F339-6808-3825-CFC3-C79F3252D1B8}.Release|Any CPU.ActiveCfg = Release|Any CPU
		{B200F339-6808-3825-CFC3-C79F3252D1B8}.Release|Any CPU.Build.0 = Release|Any CPU
		{9254D7A4-8DA5-ADD3-D6A9-74E2A6E3D6FD}.Debug|Any CPU.ActiveCfg = Debug|Any CPU
		{9254D7A4-8DA5-ADD3-D6A9-74E2A6E3D6FD}.Debug|Any CPU.Build.0 = Debug|Any CPU
		{9254D7A4-8DA5-ADD3-D6A9-74E2A6E3D6FD}.Release|Any CPU.ActiveCfg = Release|Any CPU
		{9254D7A4-8DA5-ADD3-D6A9-74E2A6E3D6FD}.Release|Any CPU.Build.0 = Release|Any CPU
		{6F6C026A-4086-90B8-13DE-632F68F05210}.Debug|Any CPU.ActiveCfg = Debug|Any CPU
		{6F6C026A-4086-90B8-13DE-632F68F05210}.Debug|Any CPU.Build.0 = Debug|Any CPU
		{6F6C026A-4086-90B8-13DE-632F68F05210}.Release|Any CPU.ActiveCfg = Release|Any CPU
		{6F6C026A-4086-90B8-13DE-632F68F05210}.Release|Any CPU.Build.0 = Release|Any CPU
		{4493AD50-EA76-57C9-11DF-2F65C6F8F7B6}.Debug|Any CPU.ActiveCfg = Debug|Any CPU
		{4493AD50-EA76-57C9-11DF-2F65C6F8F7B6}.Debug|Any CPU.Build.0 = Debug|Any CPU
		{4493AD50-EA76-57C9-11DF-2F65C6F8F7B6}.Release|Any CPU.ActiveCfg = Release|Any CPU
		{4493AD50-EA76-57C9-11DF-2F65C6F8F7B6}.Release|Any CPU.Build.0 = Release|Any CPU
		{D53B6825-4AD2-871D-2094-42EB752FA56E}.Debug|Any CPU.ActiveCfg = Debug|Any CPU
		{D53B6825-4AD2-871D-2094-42EB752FA56E}.Debug|Any CPU.Build.0 = Debug|Any CPU
		{D53B6825-4AD2-871D-2094-42EB752FA56E}.Release|Any CPU.ActiveCfg = Release|Any CPU
		{D53B6825-4AD2-871D-2094-42EB752FA56E}.Release|Any CPU.Build.0 = Release|Any CPU
		{3D2BC492-98D4-B0AD-B119-E967A7E705A0}.Debug|Any CPU.ActiveCfg = Debug|Any CPU
		{3D2BC492-98D4-B0AD-B119-E967A7E705A0}.Debug|Any CPU.Build.0 = Debug|Any CPU
		{3D2BC492-98D4-B0AD-B119-E967A7E705A0}.Release|Any CPU.ActiveCfg = Release|Any CPU
		{3D2BC492-98D4-B0AD-B119-E967A7E705A0}.Release|Any CPU.Build.0 = Release|Any CPU
		{68F84567-DF71-1734-85ED-3E7FD1863768}.Debug|Any CPU.ActiveCfg = Debug|Any CPU
		{68F84567-DF71-1734-85ED-3E7FD1863768}.Debug|Any CPU.Build.0 = Debug|Any CPU
		{68F84567-DF71-1734-85ED-3E7FD1863768}.Release|Any CPU.ActiveCfg = Release|Any CPU
		{68F84567-DF71-1734-85ED-3E7FD1863768}.Release|Any CPU.Build.0 = Release|Any CPU
		{137519DC-7518-66D9-7D77-96EED1F0A9D5}.Debug|Any CPU.ActiveCfg = Debug|Any CPU
		{137519DC-7518-66D9-7D77-96EED1F0A9D5}.Debug|Any CPU.Build.0 = Debug|Any CPU
		{137519DC-7518-66D9-7D77-96EED1F0A9D5}.Release|Any CPU.ActiveCfg = Release|Any CPU
		{137519DC-7518-66D9-7D77-96EED1F0A9D5}.Release|Any CPU.Build.0 = Release|Any CPU
		{D080CB90-7851-3481-294A-61D82CFE553A}.Debug|Any CPU.ActiveCfg = Debug|Any CPU
		{D080CB90-7851-3481-294A-61D82CFE553A}.Debug|Any CPU.Build.0 = Debug|Any CPU
		{D080CB90-7851-3481-294A-61D82CFE553A}.Release|Any CPU.ActiveCfg = Release|Any CPU
		{D080CB90-7851-3481-294A-61D82CFE553A}.Release|Any CPU.Build.0 = Release|Any CPU
		{D7CDCE13-2742-5FF3-257F-0B058494009C}.Debug|Any CPU.ActiveCfg = Debug|Any CPU
		{D7CDCE13-2742-5FF3-257F-0B058494009C}.Debug|Any CPU.Build.0 = Debug|Any CPU
		{D7CDCE13-2742-5FF3-257F-0B058494009C}.Release|Any CPU.ActiveCfg = Release|Any CPU
		{D7CDCE13-2742-5FF3-257F-0B058494009C}.Release|Any CPU.Build.0 = Release|Any CPU
		{9DAC7251-FA23-C303-362E-2546B569F05E}.Debug|Any CPU.ActiveCfg = Debug|Any CPU
		{9DAC7251-FA23-C303-362E-2546B569F05E}.Debug|Any CPU.Build.0 = Debug|Any CPU
		{9DAC7251-FA23-C303-362E-2546B569F05E}.Release|Any CPU.ActiveCfg = Release|Any CPU
		{9DAC7251-FA23-C303-362E-2546B569F05E}.Release|Any CPU.Build.0 = Release|Any CPU
		{89679301-9551-F9C7-A8E1-C256178026C5}.Debug|Any CPU.ActiveCfg = Debug|Any CPU
		{89679301-9551-F9C7-A8E1-C256178026C5}.Debug|Any CPU.Build.0 = Debug|Any CPU
		{89679301-9551-F9C7-A8E1-C256178026C5}.Release|Any CPU.ActiveCfg = Release|Any CPU
		{89679301-9551-F9C7-A8E1-C256178026C5}.Release|Any CPU.Build.0 = Release|Any CPU
		{44EEE3D1-076E-1091-5991-2D1910450812}.Debug|Any CPU.ActiveCfg = Debug|Any CPU
		{44EEE3D1-076E-1091-5991-2D1910450812}.Debug|Any CPU.Build.0 = Debug|Any CPU
		{44EEE3D1-076E-1091-5991-2D1910450812}.Release|Any CPU.ActiveCfg = Release|Any CPU
		{44EEE3D1-076E-1091-5991-2D1910450812}.Release|Any CPU.Build.0 = Release|Any CPU
		{4236D5BD-5C96-AEC7-909D-27026C91F27E}.Debug|Any CPU.ActiveCfg = Debug|Any CPU
		{4236D5BD-5C96-AEC7-909D-27026C91F27E}.Debug|Any CPU.Build.0 = Debug|Any CPU
		{4236D5BD-5C96-AEC7-909D-27026C91F27E}.Release|Any CPU.ActiveCfg = Release|Any CPU
		{4236D5BD-5C96-AEC7-909D-27026C91F27E}.Release|Any CPU.Build.0 = Release|Any CPU
		{89E755D7-F1C1-A495-D74A-945EED5AAFE1}.Debug|Any CPU.ActiveCfg = Debug|Any CPU
		{89E755D7-F1C1-A495-D74A-945EED5AAFE1}.Debug|Any CPU.Build.0 = Debug|Any CPU
		{89E755D7-F1C1-A495-D74A-945EED5AAFE1}.Release|Any CPU.ActiveCfg = Release|Any CPU
		{89E755D7-F1C1-A495-D74A-945EED5AAFE1}.Release|Any CPU.Build.0 = Release|Any CPU
		{E1D8FCB8-A2B7-37BB-E5DA-93F6E27ADBD9}.Debug|Any CPU.ActiveCfg = Debug|Any CPU
		{E1D8FCB8-A2B7-37BB-E5DA-93F6E27ADBD9}.Debug|Any CPU.Build.0 = Debug|Any CPU
		{E1D8FCB8-A2B7-37BB-E5DA-93F6E27ADBD9}.Release|Any CPU.ActiveCfg = Release|Any CPU
		{E1D8FCB8-A2B7-37BB-E5DA-93F6E27ADBD9}.Release|Any CPU.Build.0 = Release|Any CPU
		{78DF0AFA-DC07-8992-3924-0D7B4299B395}.Debug|Any CPU.ActiveCfg = Debug|Any CPU
		{78DF0AFA-DC07-8992-3924-0D7B4299B395}.Debug|Any CPU.Build.0 = Debug|Any CPU
		{78DF0AFA-DC07-8992-3924-0D7B4299B395}.Release|Any CPU.ActiveCfg = Release|Any CPU
		{78DF0AFA-DC07-8992-3924-0D7B4299B395}.Release|Any CPU.Build.0 = Release|Any CPU
		{B06A3F3C-CEB5-8A64-915C-563923ABF930}.Debug|Any CPU.ActiveCfg = Debug|Any CPU
		{B06A3F3C-CEB5-8A64-915C-563923ABF930}.Debug|Any CPU.Build.0 = Debug|Any CPU
		{B06A3F3C-CEB5-8A64-915C-563923ABF930}.Release|Any CPU.ActiveCfg = Release|Any CPU
		{B06A3F3C-CEB5-8A64-915C-563923ABF930}.Release|Any CPU.Build.0 = Release|Any CPU
		{24FA3E67-F316-ECA7-A67E-BDFB2C6CBB5F}.Debug|Any CPU.ActiveCfg = Debug|Any CPU
		{24FA3E67-F316-ECA7-A67E-BDFB2C6CBB5F}.Debug|Any CPU.Build.0 = Debug|Any CPU
		{24FA3E67-F316-ECA7-A67E-BDFB2C6CBB5F}.Release|Any CPU.ActiveCfg = Release|Any CPU
		{24FA3E67-F316-ECA7-A67E-BDFB2C6CBB5F}.Release|Any CPU.Build.0 = Release|Any CPU
		{5E18C3DF-E8BC-1CA4-509D-ABD7FBBE9FC0}.Debug|Any CPU.ActiveCfg = Debug|Any CPU
		{5E18C3DF-E8BC-1CA4-509D-ABD7FBBE9FC0}.Debug|Any CPU.Build.0 = Debug|Any CPU
		{5E18C3DF-E8BC-1CA4-509D-ABD7FBBE9FC0}.Release|Any CPU.ActiveCfg = Release|Any CPU
		{5E18C3DF-E8BC-1CA4-509D-ABD7FBBE9FC0}.Release|Any CPU.Build.0 = Release|Any CPU
		{D1F70B61-FBEF-0744-5095-6B1629521FF5}.Debug|Any CPU.ActiveCfg = Debug|Any CPU
		{D1F70B61-FBEF-0744-5095-6B1629521FF5}.Debug|Any CPU.Build.0 = Debug|Any CPU
		{D1F70B61-FBEF-0744-5095-6B1629521FF5}.Release|Any CPU.ActiveCfg = Release|Any CPU
		{D1F70B61-FBEF-0744-5095-6B1629521FF5}.Release|Any CPU.Build.0 = Release|Any CPU
		{A96A01A5-8DDF-3234-C752-014D219DCB54}.Debug|Any CPU.ActiveCfg = Debug|Any CPU
		{A96A01A5-8DDF-3234-C752-014D219DCB54}.Debug|Any CPU.Build.0 = Debug|Any CPU
		{A96A01A5-8DDF-3234-C752-014D219DCB54}.Release|Any CPU.ActiveCfg = Release|Any CPU
		{A96A01A5-8DDF-3234-C752-014D219DCB54}.Release|Any CPU.Build.0 = Release|Any CPU
		{5AE0FB5C-CC68-BDE3-808F-E7E293DBB98A}.Debug|Any CPU.ActiveCfg = Debug|Any CPU
		{5AE0FB5C-CC68-BDE3-808F-E7E293DBB98A}.Debug|Any CPU.Build.0 = Debug|Any CPU
		{5AE0FB5C-CC68-BDE3-808F-E7E293DBB98A}.Release|Any CPU.ActiveCfg = Release|Any CPU
		{5AE0FB5C-CC68-BDE3-808F-E7E293DBB98A}.Release|Any CPU.Build.0 = Release|Any CPU
		{BCF2295F-9D1E-EB3A-9A43-71F81694300E}.Debug|Any CPU.ActiveCfg = Debug|Any CPU
		{BCF2295F-9D1E-EB3A-9A43-71F81694300E}.Debug|Any CPU.Build.0 = Debug|Any CPU
		{BCF2295F-9D1E-EB3A-9A43-71F81694300E}.Release|Any CPU.ActiveCfg = Release|Any CPU
		{BCF2295F-9D1E-EB3A-9A43-71F81694300E}.Release|Any CPU.Build.0 = Release|Any CPU
		{5682A5E3-4FCA-46B0-7377-B92FF2980096}.Debug|Any CPU.ActiveCfg = Debug|Any CPU
		{5682A5E3-4FCA-46B0-7377-B92FF2980096}.Debug|Any CPU.Build.0 = Debug|Any CPU
		{5682A5E3-4FCA-46B0-7377-B92FF2980096}.Release|Any CPU.ActiveCfg = Release|Any CPU
		{5682A5E3-4FCA-46B0-7377-B92FF2980096}.Release|Any CPU.Build.0 = Release|Any CPU
		{7F6FD52F-525C-66FB-0F46-BAF6F89E32F2}.Debug|Any CPU.ActiveCfg = Debug|Any CPU
		{7F6FD52F-525C-66FB-0F46-BAF6F89E32F2}.Debug|Any CPU.Build.0 = Debug|Any CPU
		{7F6FD52F-525C-66FB-0F46-BAF6F89E32F2}.Release|Any CPU.ActiveCfg = Release|Any CPU
		{7F6FD52F-525C-66FB-0F46-BAF6F89E32F2}.Release|Any CPU.Build.0 = Release|Any CPU
		{D79779C6-7F8A-4FC4-2D9B-0556824A880E}.Debug|Any CPU.ActiveCfg = Debug|Any CPU
		{D79779C6-7F8A-4FC4-2D9B-0556824A880E}.Debug|Any CPU.Build.0 = Debug|Any CPU
		{D79779C6-7F8A-4FC4-2D9B-0556824A880E}.Release|Any CPU.ActiveCfg = Release|Any CPU
		{D79779C6-7F8A-4FC4-2D9B-0556824A880E}.Release|Any CPU.Build.0 = Release|Any CPU
		{AEAFC4FF-73A8-9F0A-AD2A-B4680C01ABB1}.Debug|Any CPU.ActiveCfg = Debug|Any CPU
		{AEAFC4FF-73A8-9F0A-AD2A-B4680C01ABB1}.Debug|Any CPU.Build.0 = Debug|Any CPU
		{AEAFC4FF-73A8-9F0A-AD2A-B4680C01ABB1}.Release|Any CPU.ActiveCfg = Release|Any CPU
		{AEAFC4FF-73A8-9F0A-AD2A-B4680C01ABB1}.Release|Any CPU.Build.0 = Release|Any CPU
		{39C7E06F-7841-336F-8FD9-8A0EFCA87E94}.Debug|Any CPU.ActiveCfg = Debug|Any CPU
		{39C7E06F-7841-336F-8FD9-8A0EFCA87E94}.Debug|Any CPU.Build.0 = Debug|Any CPU
		{39C7E06F-7841-336F-8FD9-8A0EFCA87E94}.Release|Any CPU.ActiveCfg = Release|Any CPU
		{39C7E06F-7841-336F-8FD9-8A0EFCA87E94}.Release|Any CPU.Build.0 = Release|Any CPU
		{96566CFD-E7C1-9612-078D-D0AE57A5C056}.Debug|Any CPU.ActiveCfg = Debug|Any CPU
		{96566CFD-E7C1-9612-078D-D0AE57A5C056}.Debug|Any CPU.Build.0 = Debug|Any CPU
		{96566CFD-E7C1-9612-078D-D0AE57A5C056}.Release|Any CPU.ActiveCfg = Release|Any CPU
		{96566CFD-E7C1-9612-078D-D0AE57A5C056}.Release|Any CPU.Build.0 = Release|Any CPU
		{ADBC111D-2856-AB6B-5669-BAD0430A2E0F}.Debug|Any CPU.ActiveCfg = Debug|Any CPU
		{ADBC111D-2856-AB6B-5669-BAD0430A2E0F}.Debug|Any CPU.Build.0 = Debug|Any CPU
		{ADBC111D-2856-AB6B-5669-BAD0430A2E0F}.Release|Any CPU.ActiveCfg = Release|Any CPU
		{ADBC111D-2856-AB6B-5669-BAD0430A2E0F}.Release|Any CPU.Build.0 = Release|Any CPU
		{FAAFCD6E-D0E0-8D66-66F6-D801269215EF}.Debug|Any CPU.ActiveCfg = Debug|Any CPU
		{FAAFCD6E-D0E0-8D66-66F6-D801269215EF}.Debug|Any CPU.Build.0 = Debug|Any CPU
		{FAAFCD6E-D0E0-8D66-66F6-D801269215EF}.Release|Any CPU.ActiveCfg = Release|Any CPU
		{FAAFCD6E-D0E0-8D66-66F6-D801269215EF}.Release|Any CPU.Build.0 = Release|Any CPU
		{5530DD28-F249-7BF0-CBB9-97635EE46587}.Debug|Any CPU.ActiveCfg = Debug|Any CPU
		{5530DD28-F249-7BF0-CBB9-97635EE46587}.Debug|Any CPU.Build.0 = Debug|Any CPU
		{5530DD28-F249-7BF0-CBB9-97635EE46587}.Release|Any CPU.ActiveCfg = Release|Any CPU
		{5530DD28-F249-7BF0-CBB9-97635EE46587}.Release|Any CPU.Build.0 = Release|Any CPU
		{8D1A4C54-36A8-39A3-8EA1-483FB1D47FFF}.Debug|Any CPU.ActiveCfg = Debug|Any CPU
		{8D1A4C54-36A8-39A3-8EA1-483FB1D47FFF}.Debug|Any CPU.Build.0 = Debug|Any CPU
		{8D1A4C54-36A8-39A3-8EA1-483FB1D47FFF}.Release|Any CPU.ActiveCfg = Release|Any CPU
		{8D1A4C54-36A8-39A3-8EA1-483FB1D47FFF}.Release|Any CPU.Build.0 = Release|Any CPU
		{F04FE0D3-6909-2626-A2C0-58D9EB4BA9F2}.Debug|Any CPU.ActiveCfg = Debug|Any CPU
		{F04FE0D3-6909-2626-A2C0-58D9EB4BA9F2}.Debug|Any CPU.Build.0 = Debug|Any CPU
		{F04FE0D3-6909-2626-A2C0-58D9EB4BA9F2}.Release|Any CPU.ActiveCfg = Release|Any CPU
		{F04FE0D3-6909-2626-A2C0-58D9EB4BA9F2}.Release|Any CPU.Build.0 = Release|Any CPU
		{E3C50E87-720A-50C2-14C3-EA819FAFFE7E}.Debug|Any CPU.ActiveCfg = Debug|Any CPU
		{E3C50E87-720A-50C2-14C3-EA819FAFFE7E}.Debug|Any CPU.Build.0 = Debug|Any CPU
		{E3C50E87-720A-50C2-14C3-EA819FAFFE7E}.Release|Any CPU.ActiveCfg = Release|Any CPU
		{E3C50E87-720A-50C2-14C3-EA819FAFFE7E}.Release|Any CPU.Build.0 = Release|Any CPU
		{DD67E496-B2F4-BBA7-7A80-E4CE70742CEE}.Debug|Any CPU.ActiveCfg = Debug|Any CPU
		{DD67E496-B2F4-BBA7-7A80-E4CE70742CEE}.Debug|Any CPU.Build.0 = Debug|Any CPU
		{DD67E496-B2F4-BBA7-7A80-E4CE70742CEE}.Release|Any CPU.ActiveCfg = Release|Any CPU
		{DD67E496-B2F4-BBA7-7A80-E4CE70742CEE}.Release|Any CPU.Build.0 = Release|Any CPU
		{39272EE1-4CE9-76D6-CE86-21F663E4EB82}.Debug|Any CPU.ActiveCfg = Debug|Any CPU
		{39272EE1-4CE9-76D6-CE86-21F663E4EB82}.Debug|Any CPU.Build.0 = Debug|Any CPU
		{39272EE1-4CE9-76D6-CE86-21F663E4EB82}.Release|Any CPU.ActiveCfg = Release|Any CPU
		{39272EE1-4CE9-76D6-CE86-21F663E4EB82}.Release|Any CPU.Build.0 = Release|Any CPU
		{0E178156-9850-CF08-5353-A006C82AE93C}.Debug|Any CPU.ActiveCfg = Debug|Any CPU
		{0E178156-9850-CF08-5353-A006C82AE93C}.Debug|Any CPU.Build.0 = Debug|Any CPU
		{0E178156-9850-CF08-5353-A006C82AE93C}.Release|Any CPU.ActiveCfg = Release|Any CPU
		{0E178156-9850-CF08-5353-A006C82AE93C}.Release|Any CPU.Build.0 = Release|Any CPU
		{874B097A-FA20-FB78-58F8-575767F87BA0}.Debug|Any CPU.ActiveCfg = Debug|Any CPU
		{874B097A-FA20-FB78-58F8-575767F87BA0}.Debug|Any CPU.Build.0 = Debug|Any CPU
		{874B097A-FA20-FB78-58F8-575767F87BA0}.Release|Any CPU.ActiveCfg = Release|Any CPU
		{874B097A-FA20-FB78-58F8-575767F87BA0}.Release|Any CPU.Build.0 = Release|Any CPU
		{478323D9-EDEC-91CF-7F1F-7014AE385E78}.Debug|Any CPU.ActiveCfg = Debug|Any CPU
		{478323D9-EDEC-91CF-7F1F-7014AE385E78}.Debug|Any CPU.Build.0 = Debug|Any CPU
		{478323D9-EDEC-91CF-7F1F-7014AE385E78}.Release|Any CPU.ActiveCfg = Release|Any CPU
		{478323D9-EDEC-91CF-7F1F-7014AE385E78}.Release|Any CPU.Build.0 = Release|Any CPU
		{B17C6BC2-09A8-225D-912D-1391AA689F7E}.Debug|Any CPU.ActiveCfg = Debug|Any CPU
		{B17C6BC2-09A8-225D-912D-1391AA689F7E}.Debug|Any CPU.Build.0 = Debug|Any CPU
		{B17C6BC2-09A8-225D-912D-1391AA689F7E}.Release|Any CPU.ActiveCfg = Release|Any CPU
		{B17C6BC2-09A8-225D-912D-1391AA689F7E}.Release|Any CPU.Build.0 = Release|Any CPU
		{5E55EB81-74A3-6E6D-C118-2A92FF15368D}.Debug|Any CPU.ActiveCfg = Debug|Any CPU
		{5E55EB81-74A3-6E6D-C118-2A92FF15368D}.Debug|Any CPU.Build.0 = Debug|Any CPU
		{5E55EB81-74A3-6E6D-C118-2A92FF15368D}.Release|Any CPU.ActiveCfg = Release|Any CPU
		{5E55EB81-74A3-6E6D-C118-2A92FF15368D}.Release|Any CPU.Build.0 = Release|Any CPU
		{8ADB5DC7-86DC-3221-A48C-8E720443FA54}.Debug|Any CPU.ActiveCfg = Debug|Any CPU
		{8ADB5DC7-86DC-3221-A48C-8E720443FA54}.Debug|Any CPU.Build.0 = Debug|Any CPU
		{8ADB5DC7-86DC-3221-A48C-8E720443FA54}.Release|Any CPU.ActiveCfg = Release|Any CPU
		{8ADB5DC7-86DC-3221-A48C-8E720443FA54}.Release|Any CPU.Build.0 = Release|Any CPU
		{88C22B52-BD66-B92F-9905-C3E5C2D9AA18}.Debug|Any CPU.ActiveCfg = Debug|Any CPU
		{88C22B52-BD66-B92F-9905-C3E5C2D9AA18}.Debug|Any CPU.Build.0 = Debug|Any CPU
		{88C22B52-BD66-B92F-9905-C3E5C2D9AA18}.Release|Any CPU.ActiveCfg = Release|Any CPU
		{88C22B52-BD66-B92F-9905-C3E5C2D9AA18}.Release|Any CPU.Build.0 = Release|Any CPU
		{FCFB5E17-4293-B5F5-6802-ED7B616DEED9}.Debug|Any CPU.ActiveCfg = Debug|Any CPU
		{FCFB5E17-4293-B5F5-6802-ED7B616DEED9}.Debug|Any CPU.Build.0 = Debug|Any CPU
		{FCFB5E17-4293-B5F5-6802-ED7B616DEED9}.Release|Any CPU.ActiveCfg = Release|Any CPU
		{FCFB5E17-4293-B5F5-6802-ED7B616DEED9}.Release|Any CPU.Build.0 = Release|Any CPU
		{490248EF-1639-B08B-B547-736CEF133D15}.Debug|Any CPU.ActiveCfg = Debug|Any CPU
		{490248EF-1639-B08B-B547-736CEF133D15}.Debug|Any CPU.Build.0 = Debug|Any CPU
		{490248EF-1639-B08B-B547-736CEF133D15}.Release|Any CPU.ActiveCfg = Release|Any CPU
		{490248EF-1639-B08B-B547-736CEF133D15}.Release|Any CPU.Build.0 = Release|Any CPU
	EndGlobalSection
	GlobalSection(SolutionProperties) = preSolution
		HideSolutionNode = FALSE
	EndGlobalSection
	GlobalSection(NestedProjects) = preSolution
		{D5F2135D-DE9A-E757-BBA9-0495676ACDC0} = {EF9A2A78-D1DB-4208-908B-C843702FE70B}
		{AF84F045-DA02-27B7-36DC-6855B0897A5F} = {EF9A2A78-D1DB-4208-908B-C843702FE70B}
		{EA798649-D847-58E2-2EE2-EFED21D8D7F2} = {EF9A2A78-D1DB-4208-908B-C843702FE70B}
		{91E9FB90-2D19-5602-F389-711C37F99662} = {EF9A2A78-D1DB-4208-908B-C843702FE70B}
		{87F03773-4D78-7BB6-59A3-DB73E705AABF} = {EF9A2A78-D1DB-4208-908B-C843702FE70B}
		{C4094673-69BA-50A1-8413-08CB35FF9597} = {EF9A2A78-D1DB-4208-908B-C843702FE70B}
		{31434324-4EE5-9FA5-1654-68DACD908081} = {EF9A2A78-D1DB-4208-908B-C843702FE70B}
		{94C6918A-D4AF-B151-9B50-394E81FD4521} = {EF9A2A78-D1DB-4208-908B-C843702FE70B}
		{52F3962F-6366-09B3-0E01-0D0954D2C4AF} = {EF9A2A78-D1DB-4208-908B-C843702FE70B}
		{22BFD05D-18B6-EC2C-81B0-18CE114E8AF1} = {EF9A2A78-D1DB-4208-908B-C843702FE70B}
		{1CEF1AFE-C98F-60B4-09CF-D6F59CA7C975} = {EF9A2A78-D1DB-4208-908B-C843702FE70B}
		{4CF1850E-5848-E381-CCF5-1C92F24B4BFD} = {EF9A2A78-D1DB-4208-908B-C843702FE70B}
		{9A2ED055-D89E-6B73-A37A-7CB8A27B7902} = {EF9A2A78-D1DB-4208-908B-C843702FE70B}
		{DBD5C69E-202E-1450-8239-A1B8808C4845} = {EF9A2A78-D1DB-4208-908B-C843702FE70B}
		{31AC2495-EB9A-585A-88A0-A0B64F4DA258} = {EF9A2A78-D1DB-4208-908B-C843702FE70B}
		{BB4A4842-0066-7BFD-019C-FC4FA7371822} = {EF9A2A78-D1DB-4208-908B-C843702FE70B}
		{B200F339-6808-3825-CFC3-C79F3252D1B8} = {2D43FF98-9F4C-4B69-9386-75B6E2033D18}
		{9254D7A4-8DA5-ADD3-D6A9-74E2A6E3D6FD} = {2D43FF98-9F4C-4B69-9386-75B6E2033D18}
		{6F6C026A-4086-90B8-13DE-632F68F05210} = {2D43FF98-9F4C-4B69-9386-75B6E2033D18}
		{4493AD50-EA76-57C9-11DF-2F65C6F8F7B6} = {2D43FF98-9F4C-4B69-9386-75B6E2033D18}
		{D53B6825-4AD2-871D-2094-42EB752FA56E} = {2D43FF98-9F4C-4B69-9386-75B6E2033D18}
		{3D2BC492-98D4-B0AD-B119-E967A7E705A0} = {B024C5C4-7E79-49EB-886B-9C97AF3E53EB}
		{68F84567-DF71-1734-85ED-3E7FD1863768} = {B024C5C4-7E79-49EB-886B-9C97AF3E53EB}
		{137519DC-7518-66D9-7D77-96EED1F0A9D5} = {02EA681E-C7D8-13C7-8484-4AC65E1B71E8}
		{D080CB90-7851-3481-294A-61D82CFE553A} = {02EA681E-C7D8-13C7-8484-4AC65E1B71E8}
		{D7CDCE13-2742-5FF3-257F-0B058494009C} = {02EA681E-C7D8-13C7-8484-4AC65E1B71E8}
		{9DAC7251-FA23-C303-362E-2546B569F05E} = {02EA681E-C7D8-13C7-8484-4AC65E1B71E8}
		{89679301-9551-F9C7-A8E1-C256178026C5} = {02EA681E-C7D8-13C7-8484-4AC65E1B71E8}
		{44EEE3D1-076E-1091-5991-2D1910450812} = {02EA681E-C7D8-13C7-8484-4AC65E1B71E8}
		{4236D5BD-5C96-AEC7-909D-27026C91F27E} = {28C4458A-B919-4D81-A064-C5853DFFE50C}
		{89E755D7-F1C1-A495-D74A-945EED5AAFE1} = {28C4458A-B919-4D81-A064-C5853DFFE50C}
		{E1D8FCB8-A2B7-37BB-E5DA-93F6E27ADBD9} = {28C4458A-B919-4D81-A064-C5853DFFE50C}
		{78DF0AFA-DC07-8992-3924-0D7B4299B395} = {28C4458A-B919-4D81-A064-C5853DFFE50C}
		{B06A3F3C-CEB5-8A64-915C-563923ABF930} = {28C4458A-B919-4D81-A064-C5853DFFE50C}
		{24FA3E67-F316-ECA7-A67E-BDFB2C6CBB5F} = {28C4458A-B919-4D81-A064-C5853DFFE50C}
		{5E18C3DF-E8BC-1CA4-509D-ABD7FBBE9FC0} = {28C4458A-B919-4D81-A064-C5853DFFE50C}
		{D1F70B61-FBEF-0744-5095-6B1629521FF5} = {28C4458A-B919-4D81-A064-C5853DFFE50C}
		{A96A01A5-8DDF-3234-C752-014D219DCB54} = {28C4458A-B919-4D81-A064-C5853DFFE50C}
		{5AE0FB5C-CC68-BDE3-808F-E7E293DBB98A} = {28C4458A-B919-4D81-A064-C5853DFFE50C}
		{BCF2295F-9D1E-EB3A-9A43-71F81694300E} = {E4226FCF-FE52-4E8A-AACA-CCDC5ED298D0}
		{5682A5E3-4FCA-46B0-7377-B92FF2980096} = {E4226FCF-FE52-4E8A-AACA-CCDC5ED298D0}
		{7F6FD52F-525C-66FB-0F46-BAF6F89E32F2} = {E4226FCF-FE52-4E8A-AACA-CCDC5ED298D0}
		{D79779C6-7F8A-4FC4-2D9B-0556824A880E} = {E4226FCF-FE52-4E8A-AACA-CCDC5ED298D0}
		{AEAFC4FF-73A8-9F0A-AD2A-B4680C01ABB1} = {E4226FCF-FE52-4E8A-AACA-CCDC5ED298D0}
		{39C7E06F-7841-336F-8FD9-8A0EFCA87E94} = {E4226FCF-FE52-4E8A-AACA-CCDC5ED298D0}
		{96566CFD-E7C1-9612-078D-D0AE57A5C056} = {E4226FCF-FE52-4E8A-AACA-CCDC5ED298D0}
		{ADBC111D-2856-AB6B-5669-BAD0430A2E0F} = {E4226FCF-FE52-4E8A-AACA-CCDC5ED298D0}
		{FAAFCD6E-D0E0-8D66-66F6-D801269215EF} = {E4226FCF-FE52-4E8A-AACA-CCDC5ED298D0}
		{5530DD28-F249-7BF0-CBB9-97635EE46587} = {E4226FCF-FE52-4E8A-AACA-CCDC5ED298D0}
		{8D1A4C54-36A8-39A3-8EA1-483FB1D47FFF} = {E4226FCF-FE52-4E8A-AACA-CCDC5ED298D0}
		{F04FE0D3-6909-2626-A2C0-58D9EB4BA9F2} = {351EE6B2-85A8-425D-B689-978D2233414E}
		{E3C50E87-720A-50C2-14C3-EA819FAFFE7E} = {351EE6B2-85A8-425D-B689-978D2233414E}
		{DD67E496-B2F4-BBA7-7A80-E4CE70742CEE} = {351EE6B2-85A8-425D-B689-978D2233414E}
		{39272EE1-4CE9-76D6-CE86-21F663E4EB82} = {351EE6B2-85A8-425D-B689-978D2233414E}
		{0E178156-9850-CF08-5353-A006C82AE93C} = {351EE6B2-85A8-425D-B689-978D2233414E}
		{874B097A-FA20-FB78-58F8-575767F87BA0} = {351EE6B2-85A8-425D-B689-978D2233414E}
		{478323D9-EDEC-91CF-7F1F-7014AE385E78} = {351EE6B2-85A8-425D-B689-978D2233414E}
		{B17C6BC2-09A8-225D-912D-1391AA689F7E} = {351EE6B2-85A8-425D-B689-978D2233414E}
		{5E55EB81-74A3-6E6D-C118-2A92FF15368D} = {351EE6B2-85A8-425D-B689-978D2233414E}
		{8ADB5DC7-86DC-3221-A48C-8E720443FA54} = {351EE6B2-85A8-425D-B689-978D2233414E}
		{88C22B52-BD66-B92F-9905-C3E5C2D9AA18} = {351EE6B2-85A8-425D-B689-978D2233414E}
		{FCFB5E17-4293-B5F5-6802-ED7B616DEED9} = {351EE6B2-85A8-425D-B689-978D2233414E}
		{490248EF-1639-B08B-B547-736CEF133D15} = {02EA681E-C7D8-13C7-8484-4AC65E1B71E8}
	EndGlobalSection
	GlobalSection(ExtensibilityGlobals) = postSolution
		SolutionGuid = {C3AC6AE9-1929-4EA6-B06F-9C9315C8AE96}
	EndGlobalSection
EndGlobal
