
Microsoft Visual Studio Solution File, Format Version 12.00
# Visual Studio Version 17
VisualStudioVersion = 17.14.36518.9 d17.14
MinimumVisualStudioVersion = 10.0.40219.1
Project("{FAE04EC0-301F-11D3-BF4B-00C04F79EFBC}") = "WeatherForecast", "WeatherForecast.csproj", "{204D8B40-E444-4FB2-BEA4-59A9102C14C4}"
EndProject
Global
	GlobalSection(SolutionConfigurationPlatforms) = preSolution
		Debug|Any CPU = Debug|Any CPU
		Release|Any CPU = Release|Any CPU
	EndGlobalSection
	GlobalSection(ProjectConfigurationPlatforms) = postSolution
		{204D8B40-E444-4FB2-BEA4-59A9102C14C4}.Debug|Any CPU.ActiveCfg = Debug|Any CPU
		{204D8B40-E444-4FB2-BEA4-59A9102C14C4}.Debug|Any CPU.Build.0 = Debug|Any CPU
		{204D8B40-E444-4FB2-BEA4-59A9102C14C4}.Release|Any CPU.ActiveCfg = Release|Any CPU
		{204D8B40-E444-4FB2-BEA4-59A9102C14C4}.Release|Any CPU.Build.0 = Release|Any CPU
	EndGlobalSection
	GlobalSection(SolutionProperties) = preSolution
		HideSolutionNode = FALSE
	EndGlobalSection
	GlobalSection(ExtensibilityGlobals) = postSolution
		SolutionGuid = {7157AAF6-3BD4-4844-9E54-462D6B401808}
	EndGlobalSection
EndGlobal
