
Microsoft Visual Studio Solution File, Format Version 12.00
# Visual Studio Version 17
VisualStudioVersion = 17.14.36401.2
MinimumVisualStudioVersion = 10.0.40219.1
Project("{2150E333-8FDC-42A3-9474-1A3956D46DE8}") = "3.2 Lambdas", "3.2 Lambdas", "{351EE6B2-85A8-425D-B689-978D2233414E}"
EndProject
Project("{FAE04EC0-301F-11D3-BF4B-00C04F79EFBC}") = "01 - Delegates Begin", "3.2 Lambdas\01 - Delegates Begin\01 - Delegates Begin.csproj", "{F04FE0D3-6909-2626-A2C0-58D9EB4BA9F2}"
EndProject
Project("{FAE04EC0-301F-11D3-BF4B-00C04F79EFBC}") = "01 - Delegates Complete", "3.2 Lambdas\01 - Delegates Complete\01 - Delegates Complete.csproj", "{E3C50E87-720A-50C2-14C3-EA819FAFFE7E}"
EndProject
Project("{FAE04EC0-301F-11D3-BF4B-00C04F79EFBC}") = "02 - Multicasting", "3.2 Lambdas\02 - Multicasting\02 - Multicasting.csproj", "{DD67E496-B2F4-BBA7-7A80-E4CE70742CEE}"
EndProject
Project("{FAE04EC0-301F-11D3-BF4B-00C04F79EFBC}") = "03 - Generic Delegates", "3.2 Lambdas\03 - Generic Delegates\03 - Generic Delegates.csproj", "{39272EE1-4CE9-76D6-CE86-21F663E4EB82}"
EndProject
Project("{FAE04EC0-301F-11D3-BF4B-00C04F79EFBC}") = "04 - Func and Action", "3.2 Lambdas\04 - Func and Action\04 - Func and Action.csproj", "{0E178156-9850-CF08-5353-A006C82AE93C}"
EndProject
Project("{FAE04EC0-301F-11D3-BF4B-00C04F79EFBC}") = "05 - Anonymous Methods", "3.2 Lambdas\05 - Anonymous Methods\05 - Anonymous Methods.csproj", "{874B097A-FA20-FB78-58F8-575767F87BA0}"
EndProject
Project("{FAE04EC0-301F-11D3-BF4B-00C04F79EFBC}") = "06 - Capturing Local Variables", "3.2 Lambdas\06 - Capturing Local Variables\06 - Capturing Local Variables.csproj", "{478323D9-EDEC-91CF-7F1F-7014AE385E78}"
EndProject
Project("{FAE04EC0-301F-11D3-BF4B-00C04F79EFBC}") = "07 - Lambda Expressions", "3.2 Lambdas\07 - Lambda Expressions\07 - Lambda Expressions.csproj", "{B17C6BC2-09A8-225D-912D-1391AA689F7E}"
EndProject
Project("{FAE04EC0-301F-11D3-BF4B-00C04F79EFBC}") = "08 - Lambda Variations", "3.2 Lambdas\08 - Lambda Variations\08 - Lambda Variations.csproj", "{5E55EB81-74A3-6E6D-C118-2A92FF15368D}"
EndProject
Project("{FAE04EC0-301F-11D3-BF4B-00C04F79EFBC}") = "09 - Expression-bodied Members", "3.2 Lambdas\09 - Expression-bodied Members\09 - Expression-bodied Members.csproj", "{8ADB5DC7-86DC-3221-A48C-8E720443FA54}"
EndProject
Project("{FAE04EC0-301F-11D3-BF4B-00C04F79EFBC}") = "10 - More Expression-bodied Members", "3.2 Lambdas\10 - More Expression-bodied Members\10 - More Expression-bodied Members.csproj", "{88C22B52-BD66-B92F-9905-C3E5C2D9AA18}"
EndProject
Project("{FAE04EC0-301F-11D3-BF4B-00C04F79EFBC}") = "11 - Throw Expressions", "3.2 Lambdas\11 - Throw Expressions\11 - Throw Expressions.csproj", "{FCFB5E17-4293-B5F5-6802-ED7B616DEED9}"
EndProject
Project("{2150E333-8FDC-42A3-9474-1A3956D46DE8}") = "3.1 Records", "3.1 Records", "{02EA681E-C7D8-13C7-8484-4AC65E1B71E8}"
EndProject
Project("{FAE04EC0-301F-11D3-BF4B-00C04F79EFBC}") = "01 - Record Begin", "3.1 Records\01 - Records Begin\01 - Record Begin.csproj", "{513BB6E3-8FD3-1ED3-6814-DFCF2F010872}"
EndProject
Project("{FAE04EC0-301F-11D3-BF4B-00C04F79EFBC}") = "01 - Record Complete", "3.1 Records\01 - Records Complete\01 - Record Complete.csproj", "{24CDC107-841E-B5CF-534F-05ABF01C2941}"
EndProject
Project("{FAE04EC0-301F-11D3-BF4B-00C04F79EFBC}") = "02 - Built-in Features of Records", "3.1 Records\02 - Built-in Features of Records\02 - Built-in Features of Records.csproj", "{90CB9A59-9C20-D7CF-15C6-33852434EC7B}"
EndProject
Project("{FAE04EC0-301F-11D3-BF4B-00C04F79EFBC}") = "03 - Records and Inheritance", "3.1 Records\03 - Records and Inheritance\03 - Records and Inheritance.csproj", "{01524A39-98F7-8427-3611-8FB453C74DBE}"
EndProject
Project("{FAE04EC0-301F-11D3-BF4B-00C04F79EFBC}") = "04 - A Few Words of Warning", "3.1 Records\04 - A Few Words of Warning\04 - A Few Words of Warning.csproj", "{4CA67017-0BFA-2589-09F1-E55442B33B43}"
EndProject
Project("{2150E333-8FDC-42A3-9474-1A3956D46DE8}") = "3.3 LINQ", "3.3 LINQ", "{3AB28660-0279-4680-BE7C-C940290BF7B8}"
EndProject
Project("{FAE04EC0-301F-11D3-BF4B-00C04F79EFBC}") = "01 - Introducing LINQ", "3.3 LINQ\01 - Introducing LINQ\01 - Introducing LINQ.csproj", "{28D59825-CD59-6B82-8760-C4678C8F3EA8}"
EndProject
Project("{FAE04EC0-301F-11D3-BF4B-00C04F79EFBC}") = "02 - Equivalent Query Methods", "3.3 LINQ\02 - Equivalent Query Methods\02 - Equivalent Query Methods.csproj", "{887EF2F7-4B9C-AE37-9D23-E832BAF8AF4D}"
EndProject
Project("{FAE04EC0-301F-11D3-BF4B-00C04F79EFBC}") = "03 - Deferred Execution", "3.3 LINQ\03 - Deferred Execution\03 - Deferred Execution.csproj", "{2D62E00B-1C44-C82F-FABF-7503D1BDC731}"
EndProject
Project("{FAE04EC0-301F-11D3-BF4B-00C04F79EFBC}") = "04 - Immediate Execution", "3.3 LINQ\04 - Immediate Execution\04 - Immediate Execution.csproj", "{8229621B-AF61-E7B3-966B-06E2EE6982D1}"
EndProject
Project("{FAE04EC0-301F-11D3-BF4B-00C04F79EFBC}") = "05 - Query Method Examples Begin", "3.3 LINQ\05 - Query Method Examples Begin\05 - Query Method Examples Begin.csproj", "{F7451E71-BBB8-B807-4E86-3AD1D3CCFAA6}"
EndProject
Project("{FAE04EC0-301F-11D3-BF4B-00C04F79EFBC}") = "05 - Query Method Examples Complete", "3.3 LINQ\05 - Query Method Examples Complete\05 - Query Method Examples Complete.csproj", "{C0CE77BA-7412-4A9E-0047-84813AB1DEDB}"
EndProject
Project("{2150E333-8FDC-42A3-9474-1A3956D46DE8}") = "3.4 Patterns", "3.4 Patterns", "{44C15A7C-F898-4798-A08E-13D57D2B6820}"
EndProject
Project("{FAE04EC0-301F-11D3-BF4B-00C04F79EFBC}") = "01 - Pattern Matching with is", "3.4 Patterns\01 - Pattern Matching with is\01 - Pattern Matching with is.csproj", "{E1BEBC26-1B8D-1875-9E93-B758B9BCC348}"
EndProject
Project("{FAE04EC0-301F-11D3-BF4B-00C04F79EFBC}") = "02 - Type Switch with Pattern Matching", "3.4 Patterns\02 - Type Switch with Pattern Matching\02 - Type Switch with Pattern Matching.csproj", "{7E697515-592F-C213-9FFB-F0888A378B0F}"
EndProject
Project("{FAE04EC0-301F-11D3-BF4B-00C04F79EFBC}") = "03 - Switch Expressions Before", "3.4 Patterns\03 - Switch Expressions Before\03 - Switch Expressions Before.csproj", "{4A45AABD-C8B0-FA15-7E8D-F36256B7BAE2}"
EndProject
Project("{FAE04EC0-301F-11D3-BF4B-00C04F79EFBC}") = "04 - Property Patterns", "3.4 Patterns\04 - Property Patterns\04 - Property Patterns.csproj", "{1A5C839D-E419-3BF0-BC56-2E92F84995AE}"
EndProject
Project("{FAE04EC0-301F-11D3-BF4B-00C04F79EFBC}") = "05 - Tuple Patterns", "3.4 Patterns\05 - Tuple Patterns\05 - Tuple Patterns.csproj", "{001B46AB-244B-2036-41BB-010536A979CE}"
EndProject
Project("{FAE04EC0-301F-11D3-BF4B-00C04F79EFBC}") = "06 - Positional Patterns", "3.4 Patterns\06 - Positional Patterns\06 - Positional Patterns.csproj", "{B98879E5-46E2-31EF-EB7E-58B1E81D856D}"
EndProject
Project("{FAE04EC0-301F-11D3-BF4B-00C04F79EFBC}") = "07 - Type Patterns", "3.4 Patterns\07 - Type Patterns\07 - Type Patterns.csproj", "{2A26CBBA-96E9-8020-1122-93EF91DC17D2}"
EndProject
Project("{FAE04EC0-301F-11D3-BF4B-00C04F79EFBC}") = "08 - Negation Patterns", "3.4 Patterns\08 - Negation Patterns\08 - Negation Patterns.csproj", "{0741D1DE-1513-DAF1-6ACB-FF9FAE53DE1E}"
EndProject
Project("{FAE04EC0-301F-11D3-BF4B-00C04F79EFBC}") = "09 - Relational Patterns", "3.4 Patterns\09 - Relational Patterns\09 - Relational Patterns.csproj", "{7A0541DD-777F-B917-9F67-6243BAB1EF75}"
EndProject
Project("{FAE04EC0-301F-11D3-BF4B-00C04F79EFBC}") = "10 - List Patterns", "3.4 Patterns\10 - List Patterns\10 - List Patterns.csproj", "{DF890B13-284B-6E61-948D-793E001A8885}"
EndProject
Project("{FAE04EC0-301F-11D3-BF4B-00C04F79EFBC}") = "11 - Range Patterns", "3.4 Patterns\11 - Range Patterns\11 - Range Patterns.csproj", "{92CF26B9-DD9D-164C-DE1D-B7ED9468CE8E}"
EndProject
Project("{FAE04EC0-301F-11D3-BF4B-00C04F79EFBC}") = "12 - Palindromes Begin", "3.4 Patterns\12 - Palindromes Begin\12 - Palindromes Begin.csproj", "{7BEF0CBB-3584-D179-187F-427B191B79CC}"
EndProject
Project("{FAE04EC0-301F-11D3-BF4B-00C04F79EFBC}") = "12 - Palindromes Complete", "3.4 Patterns\12 - Palindromes Complete\12 - Palindromes Complete.csproj", "{FA4AE2E0-5B4A-841C-AB66-69D25912C314}"
EndProject
Project("{2150E333-8FDC-42A3-9474-1A3956D46DE8}") = "3.5 Object Lifetime", "3.5 Object Lifetime", "{C1B15449-3F75-4BB5-BCB3-EEA560B0A941}"
EndProject
Project("{FAE04EC0-301F-11D3-BF4B-00C04F79EFBC}") = "01 - Destructors", "3.5 Object Lifetime\01 - Destructors\01 - Destructors.csproj", "{FD37C22F-FA43-8E41-419B-1865FCAB695C}"
EndProject
Project("{FAE04EC0-301F-11D3-BF4B-00C04F79EFBC}") = "02 - DataWriter", "3.5 Object Lifetime\02 - DataWriter\02 - DataWriter.csproj", "{AB680AE9-B1F4-E6D1-EC02-1E489B2F2835}"
EndProject
Project("{FAE04EC0-301F-11D3-BF4B-00C04F79EFBC}") = "03 - Implementing IDisposable", "3.5 Object Lifetime\03 - Implementing IDisposable\03 - Implementing IDisposable.csproj", "{C1893658-4E7B-23EA-31F9-EFD25307DFA4}"
EndProject
Project("{FAE04EC0-301F-11D3-BF4B-00C04F79EFBC}") = "04 - Using", "3.5 Object Lifetime\04 - Using\04 - Using.csproj", "{C54C7E46-E045-3266-03AB-07AF9DEC5B2E}"
EndProject
Project("{2150E333-8FDC-42A3-9474-1A3956D46DE8}") = "3.6 Tasks", "3.6 Tasks", "{6E15952E-B6D9-445F-9E7D-F8BF855D19D5}"
EndProject
Project("{FAE04EC0-301F-11D3-BF4B-00C04F79EFBC}") = "01 - Tasks", "3.6 Tasks\01 - Tasks\01 - Tasks.csproj", "{F6E735A3-285C-F3CA-F9D4-98E79F492435}"
EndProject
Project("{FAE04EC0-301F-11D3-BF4B-00C04F79EFBC}") = "02 - Task with Result", "3.6 Tasks\02 - Task with Result\02 - Task with Result.csproj", "{1421A7DD-E8ED-64F2-E2DA-959A826723AD}"
EndProject
Project("{FAE04EC0-301F-11D3-BF4B-00C04F79EFBC}") = "03 - Blocking", "3.6 Tasks\03 - Blocking\03 - Blocking.csproj", "{41BB2DF7-7F90-0635-1836-CACD29B0ED7D}"
EndProject
Project("{FAE04EC0-301F-11D3-BF4B-00C04F79EFBC}") = "04 - Async and Await Complete", "3.6 Tasks\04 - Async and Await Complete\04 - Async and Await Complete.csproj", "{8FD035CC-CAEB-51A7-DE88-E5BCAE4B523C}"
EndProject
Project("{FAE04EC0-301F-11D3-BF4B-00C04F79EFBC}") = "05 - Async and Await WhenAll", "3.6 Tasks\05 - Async and Await WhenAll\05 - Async and Await WhenAll.csproj", "{0C2DF2C8-12B2-3790-39A0-C5C365052A75}"
EndProject
Project("{FAE04EC0-301F-11D3-BF4B-00C04F79EFBC}") = "06 - CancellationToken Begin", "3.6 Tasks\06 - CancellationToken Begin\06 - CancellationToken Begin.csproj", "{A307FC8A-AF38-D913-C016-69CF653F1EBD}"
EndProject
Project("{FAE04EC0-301F-11D3-BF4B-00C04F79EFBC}") = "06 - CancellationToken Complete", "3.6 Tasks\06 - CancellationToken Complete\06 - CancellationToken Complete.csproj", "{74B30817-FA89-C6BB-9F21-BC57D2B75D49}"
EndProject
Project("{2150E333-8FDC-42A3-9474-1A3956D46DE8}") = "3 Incoming", "3 Incoming", "{D1F5D062-3BD7-45A6-B049-99E71F9A9154}"
EndProject
Project("{FAE04EC0-301F-11D3-BF4B-00C04F79EFBC}") = "01 - GetHashCode Begin", "3 Incoming\01 - GetHashCode Begin\01 - GetHashCode Begin.csproj", "{AC9C1BE0-817B-9035-3D6B-8642AF67A0BE}"
EndProject
Project("{FAE04EC0-301F-11D3-BF4B-00C04F79EFBC}") = "01 - GetHashCode Complete", "3 Incoming\01 - GetHashCode Complete\01 - GetHashCode Complete.csproj", "{497125D9-2515-BB8C-0249-A3FB37B41FE4}"
EndProject
Global
	GlobalSection(SolutionConfigurationPlatforms) = preSolution
		Debug|Any CPU = Debug|Any CPU
		Release|Any CPU = Release|Any CPU
	EndGlobalSection
	GlobalSection(ProjectConfigurationPlatforms) = postSolution
		{F04FE0D3-6909-2626-A2C0-58D9EB4BA9F2}.Debug|Any CPU.ActiveCfg = Debug|Any CPU
		{F04FE0D3-6909-2626-A2C0-58D9EB4BA9F2}.Debug|Any CPU.Build.0 = Debug|Any CPU
		{F04FE0D3-6909-2626-A2C0-58D9EB4BA9F2}.Release|Any CPU.ActiveCfg = Release|Any CPU
		{F04FE0D3-6909-2626-A2C0-58D9EB4BA9F2}.Release|Any CPU.Build.0 = Release|Any CPU
		{E3C50E87-720A-50C2-14C3-EA819FAFFE7E}.Debug|Any CPU.ActiveCfg = Debug|Any CPU
		{E3C50E87-720A-50C2-14C3-EA819FAFFE7E}.Debug|Any CPU.Build.0 = Debug|Any CPU
		{E3C50E87-720A-50C2-14C3-EA819FAFFE7E}.Release|Any CPU.ActiveCfg = Release|Any CPU
		{E3C50E87-720A-50C2-14C3-EA819FAFFE7E}.Release|Any CPU.Build.0 = Release|Any CPU
		{DD67E496-B2F4-BBA7-7A80-E4CE70742CEE}.Debug|Any CPU.ActiveCfg = Debug|Any CPU
		{DD67E496-B2F4-BBA7-7A80-E4CE70742CEE}.Debug|Any CPU.Build.0 = Debug|Any CPU
		{DD67E496-B2F4-BBA7-7A80-E4CE70742CEE}.Release|Any CPU.ActiveCfg = Release|Any CPU
		{DD67E496-B2F4-BBA7-7A80-E4CE70742CEE}.Release|Any CPU.Build.0 = Release|Any CPU
		{39272EE1-4CE9-76D6-CE86-21F663E4EB82}.Debug|Any CPU.ActiveCfg = Debug|Any CPU
		{39272EE1-4CE9-76D6-CE86-21F663E4EB82}.Debug|Any CPU.Build.0 = Debug|Any CPU
		{39272EE1-4CE9-76D6-CE86-21F663E4EB82}.Release|Any CPU.ActiveCfg = Release|Any CPU
		{39272EE1-4CE9-76D6-CE86-21F663E4EB82}.Release|Any CPU.Build.0 = Release|Any CPU
		{0E178156-9850-CF08-5353-A006C82AE93C}.Debug|Any CPU.ActiveCfg = Debug|Any CPU
		{0E178156-9850-CF08-5353-A006C82AE93C}.Debug|Any CPU.Build.0 = Debug|Any CPU
		{0E178156-9850-CF08-5353-A006C82AE93C}.Release|Any CPU.ActiveCfg = Release|Any CPU
		{0E178156-9850-CF08-5353-A006C82AE93C}.Release|Any CPU.Build.0 = Release|Any CPU
		{874B097A-FA20-FB78-58F8-575767F87BA0}.Debug|Any CPU.ActiveCfg = Debug|Any CPU
		{874B097A-FA20-FB78-58F8-575767F87BA0}.Debug|Any CPU.Build.0 = Debug|Any CPU
		{874B097A-FA20-FB78-58F8-575767F87BA0}.Release|Any CPU.ActiveCfg = Release|Any CPU
		{874B097A-FA20-FB78-58F8-575767F87BA0}.Release|Any CPU.Build.0 = Release|Any CPU
		{478323D9-EDEC-91CF-7F1F-7014AE385E78}.Debug|Any CPU.ActiveCfg = Debug|Any CPU
		{478323D9-EDEC-91CF-7F1F-7014AE385E78}.Debug|Any CPU.Build.0 = Debug|Any CPU
		{478323D9-EDEC-91CF-7F1F-7014AE385E78}.Release|Any CPU.ActiveCfg = Release|Any CPU
		{478323D9-EDEC-91CF-7F1F-7014AE385E78}.Release|Any CPU.Build.0 = Release|Any CPU
		{B17C6BC2-09A8-225D-912D-1391AA689F7E}.Debug|Any CPU.ActiveCfg = Debug|Any CPU
		{B17C6BC2-09A8-225D-912D-1391AA689F7E}.Debug|Any CPU.Build.0 = Debug|Any CPU
		{B17C6BC2-09A8-225D-912D-1391AA689F7E}.Release|Any CPU.ActiveCfg = Release|Any CPU
		{B17C6BC2-09A8-225D-912D-1391AA689F7E}.Release|Any CPU.Build.0 = Release|Any CPU
		{5E55EB81-74A3-6E6D-C118-2A92FF15368D}.Debug|Any CPU.ActiveCfg = Debug|Any CPU
		{5E55EB81-74A3-6E6D-C118-2A92FF15368D}.Debug|Any CPU.Build.0 = Debug|Any CPU
		{5E55EB81-74A3-6E6D-C118-2A92FF15368D}.Release|Any CPU.ActiveCfg = Release|Any CPU
		{5E55EB81-74A3-6E6D-C118-2A92FF15368D}.Release|Any CPU.Build.0 = Release|Any CPU
		{8ADB5DC7-86DC-3221-A48C-8E720443FA54}.Debug|Any CPU.ActiveCfg = Debug|Any CPU
		{8ADB5DC7-86DC-3221-A48C-8E720443FA54}.Debug|Any CPU.Build.0 = Debug|Any CPU
		{8ADB5DC7-86DC-3221-A48C-8E720443FA54}.Release|Any CPU.ActiveCfg = Release|Any CPU
		{8ADB5DC7-86DC-3221-A48C-8E720443FA54}.Release|Any CPU.Build.0 = Release|Any CPU
		{88C22B52-BD66-B92F-9905-C3E5C2D9AA18}.Debug|Any CPU.ActiveCfg = Debug|Any CPU
		{88C22B52-BD66-B92F-9905-C3E5C2D9AA18}.Debug|Any CPU.Build.0 = Debug|Any CPU
		{88C22B52-BD66-B92F-9905-C3E5C2D9AA18}.Release|Any CPU.ActiveCfg = Release|Any CPU
		{88C22B52-BD66-B92F-9905-C3E5C2D9AA18}.Release|Any CPU.Build.0 = Release|Any CPU
		{FCFB5E17-4293-B5F5-6802-ED7B616DEED9}.Debug|Any CPU.ActiveCfg = Debug|Any CPU
		{FCFB5E17-4293-B5F5-6802-ED7B616DEED9}.Debug|Any CPU.Build.0 = Debug|Any CPU
		{FCFB5E17-4293-B5F5-6802-ED7B616DEED9}.Release|Any CPU.ActiveCfg = Release|Any CPU
		{FCFB5E17-4293-B5F5-6802-ED7B616DEED9}.Release|Any CPU.Build.0 = Release|Any CPU
		{513BB6E3-8FD3-1ED3-6814-DFCF2F010872}.Debug|Any CPU.ActiveCfg = Debug|Any CPU
		{513BB6E3-8FD3-1ED3-6814-DFCF2F010872}.Debug|Any CPU.Build.0 = Debug|Any CPU
		{513BB6E3-8FD3-1ED3-6814-DFCF2F010872}.Release|Any CPU.ActiveCfg = Release|Any CPU
		{513BB6E3-8FD3-1ED3-6814-DFCF2F010872}.Release|Any CPU.Build.0 = Release|Any CPU
		{24CDC107-841E-B5CF-534F-05ABF01C2941}.Debug|Any CPU.ActiveCfg = Debug|Any CPU
		{24CDC107-841E-B5CF-534F-05ABF01C2941}.Debug|Any CPU.Build.0 = Debug|Any CPU
		{24CDC107-841E-B5CF-534F-05ABF01C2941}.Release|Any CPU.ActiveCfg = Release|Any CPU
		{24CDC107-841E-B5CF-534F-05ABF01C2941}.Release|Any CPU.Build.0 = Release|Any CPU
		{90CB9A59-9C20-D7CF-15C6-33852434EC7B}.Debug|Any CPU.ActiveCfg = Debug|Any CPU
		{90CB9A59-9C20-D7CF-15C6-33852434EC7B}.Debug|Any CPU.Build.0 = Debug|Any CPU
		{90CB9A59-9C20-D7CF-15C6-33852434EC7B}.Release|Any CPU.ActiveCfg = Release|Any CPU
		{90CB9A59-9C20-D7CF-15C6-33852434EC7B}.Release|Any CPU.Build.0 = Release|Any CPU
		{01524A39-98F7-8427-3611-8FB453C74DBE}.Debug|Any CPU.ActiveCfg = Debug|Any CPU
		{01524A39-98F7-8427-3611-8FB453C74DBE}.Debug|Any CPU.Build.0 = Debug|Any CPU
		{01524A39-98F7-8427-3611-8FB453C74DBE}.Release|Any CPU.ActiveCfg = Release|Any CPU
		{01524A39-98F7-8427-3611-8FB453C74DBE}.Release|Any CPU.Build.0 = Release|Any CPU
		{4CA67017-0BFA-2589-09F1-E55442B33B43}.Debug|Any CPU.ActiveCfg = Debug|Any CPU
		{4CA67017-0BFA-2589-09F1-E55442B33B43}.Debug|Any CPU.Build.0 = Debug|Any CPU
		{4CA67017-0BFA-2589-09F1-E55442B33B43}.Release|Any CPU.ActiveCfg = Release|Any CPU
		{4CA67017-0BFA-2589-09F1-E55442B33B43}.Release|Any CPU.Build.0 = Release|Any CPU
		{28D59825-CD59-6B82-8760-C4678C8F3EA8}.Debug|Any CPU.ActiveCfg = Debug|Any CPU
		{28D59825-CD59-6B82-8760-C4678C8F3EA8}.Debug|Any CPU.Build.0 = Debug|Any CPU
		{28D59825-CD59-6B82-8760-C4678C8F3EA8}.Release|Any CPU.ActiveCfg = Release|Any CPU
		{28D59825-CD59-6B82-8760-C4678C8F3EA8}.Release|Any CPU.Build.0 = Release|Any CPU
		{887EF2F7-4B9C-AE37-9D23-E832BAF8AF4D}.Debug|Any CPU.ActiveCfg = Debug|Any CPU
		{887EF2F7-4B9C-AE37-9D23-E832BAF8AF4D}.Debug|Any CPU.Build.0 = Debug|Any CPU
		{887EF2F7-4B9C-AE37-9D23-E832BAF8AF4D}.Release|Any CPU.ActiveCfg = Release|Any CPU
		{887EF2F7-4B9C-AE37-9D23-E832BAF8AF4D}.Release|Any CPU.Build.0 = Release|Any CPU
		{2D62E00B-1C44-C82F-FABF-7503D1BDC731}.Debug|Any CPU.ActiveCfg = Debug|Any CPU
		{2D62E00B-1C44-C82F-FABF-7503D1BDC731}.Debug|Any CPU.Build.0 = Debug|Any CPU
		{2D62E00B-1C44-C82F-FABF-7503D1BDC731}.Release|Any CPU.ActiveCfg = Release|Any CPU
		{2D62E00B-1C44-C82F-FABF-7503D1BDC731}.Release|Any CPU.Build.0 = Release|Any CPU
		{8229621B-AF61-E7B3-966B-06E2EE6982D1}.Debug|Any CPU.ActiveCfg = Debug|Any CPU
		{8229621B-AF61-E7B3-966B-06E2EE6982D1}.Debug|Any CPU.Build.0 = Debug|Any CPU
		{8229621B-AF61-E7B3-966B-06E2EE6982D1}.Release|Any CPU.ActiveCfg = Release|Any CPU
		{8229621B-AF61-E7B3-966B-06E2EE6982D1}.Release|Any CPU.Build.0 = Release|Any CPU
		{F7451E71-BBB8-B807-4E86-3AD1D3CCFAA6}.Debug|Any CPU.ActiveCfg = Debug|Any CPU
		{F7451E71-BBB8-B807-4E86-3AD1D3CCFAA6}.Debug|Any CPU.Build.0 = Debug|Any CPU
		{F7451E71-BBB8-B807-4E86-3AD1D3CCFAA6}.Release|Any CPU.ActiveCfg = Release|Any CPU
		{F7451E71-BBB8-B807-4E86-3AD1D3CCFAA6}.Release|Any CPU.Build.0 = Release|Any CPU
		{C0CE77BA-7412-4A9E-0047-84813AB1DEDB}.Debug|Any CPU.ActiveCfg = Debug|Any CPU
		{C0CE77BA-7412-4A9E-0047-84813AB1DEDB}.Debug|Any CPU.Build.0 = Debug|Any CPU
		{C0CE77BA-7412-4A9E-0047-84813AB1DEDB}.Release|Any CPU.ActiveCfg = Release|Any CPU
		{C0CE77BA-7412-4A9E-0047-84813AB1DEDB}.Release|Any CPU.Build.0 = Release|Any CPU
		{E1BEBC26-1B8D-1875-9E93-B758B9BCC348}.Debug|Any CPU.ActiveCfg = Debug|Any CPU
		{E1BEBC26-1B8D-1875-9E93-B758B9BCC348}.Debug|Any CPU.Build.0 = Debug|Any CPU
		{E1BEBC26-1B8D-1875-9E93-B758B9BCC348}.Release|Any CPU.ActiveCfg = Release|Any CPU
		{E1BEBC26-1B8D-1875-9E93-B758B9BCC348}.Release|Any CPU.Build.0 = Release|Any CPU
		{7E697515-592F-C213-9FFB-F0888A378B0F}.Debug|Any CPU.ActiveCfg = Debug|Any CPU
		{7E697515-592F-C213-9FFB-F0888A378B0F}.Debug|Any CPU.Build.0 = Debug|Any CPU
		{7E697515-592F-C213-9FFB-F0888A378B0F}.Release|Any CPU.ActiveCfg = Release|Any CPU
		{7E697515-592F-C213-9FFB-F0888A378B0F}.Release|Any CPU.Build.0 = Release|Any CPU
		{4A45AABD-C8B0-FA15-7E8D-F36256B7BAE2}.Debug|Any CPU.ActiveCfg = Debug|Any CPU
		{4A45AABD-C8B0-FA15-7E8D-F36256B7BAE2}.Debug|Any CPU.Build.0 = Debug|Any CPU
		{4A45AABD-C8B0-FA15-7E8D-F36256B7BAE2}.Release|Any CPU.ActiveCfg = Release|Any CPU
		{4A45AABD-C8B0-FA15-7E8D-F36256B7BAE2}.Release|Any CPU.Build.0 = Release|Any CPU
		{1A5C839D-E419-3BF0-BC56-2E92F84995AE}.Debug|Any CPU.ActiveCfg = Debug|Any CPU
		{1A5C839D-E419-3BF0-BC56-2E92F84995AE}.Debug|Any CPU.Build.0 = Debug|Any CPU
		{1A5C839D-E419-3BF0-BC56-2E92F84995AE}.Release|Any CPU.ActiveCfg = Release|Any CPU
		{1A5C839D-E419-3BF0-BC56-2E92F84995AE}.Release|Any CPU.Build.0 = Release|Any CPU
		{001B46AB-244B-2036-41BB-010536A979CE}.Debug|Any CPU.ActiveCfg = Debug|Any CPU
		{001B46AB-244B-2036-41BB-010536A979CE}.Debug|Any CPU.Build.0 = Debug|Any CPU
		{001B46AB-244B-2036-41BB-010536A979CE}.Release|Any CPU.ActiveCfg = Release|Any CPU
		{001B46AB-244B-2036-41BB-010536A979CE}.Release|Any CPU.Build.0 = Release|Any CPU
		{B98879E5-46E2-31EF-EB7E-58B1E81D856D}.Debug|Any CPU.ActiveCfg = Debug|Any CPU
		{B98879E5-46E2-31EF-EB7E-58B1E81D856D}.Debug|Any CPU.Build.0 = Debug|Any CPU
		{B98879E5-46E2-31EF-EB7E-58B1E81D856D}.Release|Any CPU.ActiveCfg = Release|Any CPU
		{B98879E5-46E2-31EF-EB7E-58B1E81D856D}.Release|Any CPU.Build.0 = Release|Any CPU
		{2A26CBBA-96E9-8020-1122-93EF91DC17D2}.Debug|Any CPU.ActiveCfg = Debug|Any CPU
		{2A26CBBA-96E9-8020-1122-93EF91DC17D2}.Debug|Any CPU.Build.0 = Debug|Any CPU
		{2A26CBBA-96E9-8020-1122-93EF91DC17D2}.Release|Any CPU.ActiveCfg = Release|Any CPU
		{2A26CBBA-96E9-8020-1122-93EF91DC17D2}.Release|Any CPU.Build.0 = Release|Any CPU
		{0741D1DE-1513-DAF1-6ACB-FF9FAE53DE1E}.Debug|Any CPU.ActiveCfg = Debug|Any CPU
		{0741D1DE-1513-DAF1-6ACB-FF9FAE53DE1E}.Debug|Any CPU.Build.0 = Debug|Any CPU
		{0741D1DE-1513-DAF1-6ACB-FF9FAE53DE1E}.Release|Any CPU.ActiveCfg = Release|Any CPU
		{0741D1DE-1513-DAF1-6ACB-FF9FAE53DE1E}.Release|Any CPU.Build.0 = Release|Any CPU
		{7A0541DD-777F-B917-9F67-6243BAB1EF75}.Debug|Any CPU.ActiveCfg = Debug|Any CPU
		{7A0541DD-777F-B917-9F67-6243BAB1EF75}.Debug|Any CPU.Build.0 = Debug|Any CPU
		{7A0541DD-777F-B917-9F67-6243BAB1EF75}.Release|Any CPU.ActiveCfg = Release|Any CPU
		{7A0541DD-777F-B917-9F67-6243BAB1EF75}.Release|Any CPU.Build.0 = Release|Any CPU
		{DF890B13-284B-6E61-948D-793E001A8885}.Debug|Any CPU.ActiveCfg = Debug|Any CPU
		{DF890B13-284B-6E61-948D-793E001A8885}.Debug|Any CPU.Build.0 = Debug|Any CPU
		{DF890B13-284B-6E61-948D-793E001A8885}.Release|Any CPU.ActiveCfg = Release|Any CPU
		{DF890B13-284B-6E61-948D-793E001A8885}.Release|Any CPU.Build.0 = Release|Any CPU
		{92CF26B9-DD9D-164C-DE1D-B7ED9468CE8E}.Debug|Any CPU.ActiveCfg = Debug|Any CPU
		{92CF26B9-DD9D-164C-DE1D-B7ED9468CE8E}.Debug|Any CPU.Build.0 = Debug|Any CPU
		{92CF26B9-DD9D-164C-DE1D-B7ED9468CE8E}.Release|Any CPU.ActiveCfg = Release|Any CPU
		{92CF26B9-DD9D-164C-DE1D-B7ED9468CE8E}.Release|Any CPU.Build.0 = Release|Any CPU
		{7BEF0CBB-3584-D179-187F-427B191B79CC}.Debug|Any CPU.ActiveCfg = Debug|Any CPU
		{7BEF0CBB-3584-D179-187F-427B191B79CC}.Debug|Any CPU.Build.0 = Debug|Any CPU
		{7BEF0CBB-3584-D179-187F-427B191B79CC}.Release|Any CPU.ActiveCfg = Release|Any CPU
		{7BEF0CBB-3584-D179-187F-427B191B79CC}.Release|Any CPU.Build.0 = Release|Any CPU
		{FA4AE2E0-5B4A-841C-AB66-69D25912C314}.Debug|Any CPU.ActiveCfg = Debug|Any CPU
		{FA4AE2E0-5B4A-841C-AB66-69D25912C314}.Debug|Any CPU.Build.0 = Debug|Any CPU
		{FA4AE2E0-5B4A-841C-AB66-69D25912C314}.Release|Any CPU.ActiveCfg = Release|Any CPU
		{FA4AE2E0-5B4A-841C-AB66-69D25912C314}.Release|Any CPU.Build.0 = Release|Any CPU
		{FD37C22F-FA43-8E41-419B-1865FCAB695C}.Debug|Any CPU.ActiveCfg = Debug|Any CPU
		{FD37C22F-FA43-8E41-419B-1865FCAB695C}.Debug|Any CPU.Build.0 = Debug|Any CPU
		{FD37C22F-FA43-8E41-419B-1865FCAB695C}.Release|Any CPU.ActiveCfg = Release|Any CPU
		{FD37C22F-FA43-8E41-419B-1865FCAB695C}.Release|Any CPU.Build.0 = Release|Any CPU
		{AB680AE9-B1F4-E6D1-EC02-1E489B2F2835}.Debug|Any CPU.ActiveCfg = Debug|Any CPU
		{AB680AE9-B1F4-E6D1-EC02-1E489B2F2835}.Debug|Any CPU.Build.0 = Debug|Any CPU
		{AB680AE9-B1F4-E6D1-EC02-1E489B2F2835}.Release|Any CPU.ActiveCfg = Release|Any CPU
		{AB680AE9-B1F4-E6D1-EC02-1E489B2F2835}.Release|Any CPU.Build.0 = Release|Any CPU
		{C1893658-4E7B-23EA-31F9-EFD25307DFA4}.Debug|Any CPU.ActiveCfg = Debug|Any CPU
		{C1893658-4E7B-23EA-31F9-EFD25307DFA4}.Debug|Any CPU.Build.0 = Debug|Any CPU
		{C1893658-4E7B-23EA-31F9-EFD25307DFA4}.Release|Any CPU.ActiveCfg = Release|Any CPU
		{C1893658-4E7B-23EA-31F9-EFD25307DFA4}.Release|Any CPU.Build.0 = Release|Any CPU
		{C54C7E46-E045-3266-03AB-07AF9DEC5B2E}.Debug|Any CPU.ActiveCfg = Debug|Any CPU
		{C54C7E46-E045-3266-03AB-07AF9DEC5B2E}.Debug|Any CPU.Build.0 = Debug|Any CPU
		{C54C7E46-E045-3266-03AB-07AF9DEC5B2E}.Release|Any CPU.ActiveCfg = Release|Any CPU
		{C54C7E46-E045-3266-03AB-07AF9DEC5B2E}.Release|Any CPU.Build.0 = Release|Any CPU
		{F6E735A3-285C-F3CA-F9D4-98E79F492435}.Debug|Any CPU.ActiveCfg = Debug|Any CPU
		{F6E735A3-285C-F3CA-F9D4-98E79F492435}.Debug|Any CPU.Build.0 = Debug|Any CPU
		{F6E735A3-285C-F3CA-F9D4-98E79F492435}.Release|Any CPU.ActiveCfg = Release|Any CPU
		{F6E735A3-285C-F3CA-F9D4-98E79F492435}.Release|Any CPU.Build.0 = Release|Any CPU
		{1421A7DD-E8ED-64F2-E2DA-959A826723AD}.Debug|Any CPU.ActiveCfg = Debug|Any CPU
		{1421A7DD-E8ED-64F2-E2DA-959A826723AD}.Debug|Any CPU.Build.0 = Debug|Any CPU
		{1421A7DD-E8ED-64F2-E2DA-959A826723AD}.Release|Any CPU.ActiveCfg = Release|Any CPU
		{1421A7DD-E8ED-64F2-E2DA-959A826723AD}.Release|Any CPU.Build.0 = Release|Any CPU
		{41BB2DF7-7F90-0635-1836-CACD29B0ED7D}.Debug|Any CPU.ActiveCfg = Debug|Any CPU
		{41BB2DF7-7F90-0635-1836-CACD29B0ED7D}.Debug|Any CPU.Build.0 = Debug|Any CPU
		{41BB2DF7-7F90-0635-1836-CACD29B0ED7D}.Release|Any CPU.ActiveCfg = Release|Any CPU
		{41BB2DF7-7F90-0635-1836-CACD29B0ED7D}.Release|Any CPU.Build.0 = Release|Any CPU
		{8FD035CC-CAEB-51A7-DE88-E5BCAE4B523C}.Debug|Any CPU.ActiveCfg = Debug|Any CPU
		{8FD035CC-CAEB-51A7-DE88-E5BCAE4B523C}.Debug|Any CPU.Build.0 = Debug|Any CPU
		{8FD035CC-CAEB-51A7-DE88-E5BCAE4B523C}.Release|Any CPU.ActiveCfg = Release|Any CPU
		{8FD035CC-CAEB-51A7-DE88-E5BCAE4B523C}.Release|Any CPU.Build.0 = Release|Any CPU
		{0C2DF2C8-12B2-3790-39A0-C5C365052A75}.Debug|Any CPU.ActiveCfg = Debug|Any CPU
		{0C2DF2C8-12B2-3790-39A0-C5C365052A75}.Debug|Any CPU.Build.0 = Debug|Any CPU
		{0C2DF2C8-12B2-3790-39A0-C5C365052A75}.Release|Any CPU.ActiveCfg = Release|Any CPU
		{0C2DF2C8-12B2-3790-39A0-C5C365052A75}.Release|Any CPU.Build.0 = Release|Any CPU
		{A307FC8A-AF38-D913-C016-69CF653F1EBD}.Debug|Any CPU.ActiveCfg = Debug|Any CPU
		{A307FC8A-AF38-D913-C016-69CF653F1EBD}.Debug|Any CPU.Build.0 = Debug|Any CPU
		{A307FC8A-AF38-D913-C016-69CF653F1EBD}.Release|Any CPU.ActiveCfg = Release|Any CPU
		{A307FC8A-AF38-D913-C016-69CF653F1EBD}.Release|Any CPU.Build.0 = Release|Any CPU
		{74B30817-FA89-C6BB-9F21-BC57D2B75D49}.Debug|Any CPU.ActiveCfg = Debug|Any CPU
		{74B30817-FA89-C6BB-9F21-BC57D2B75D49}.Debug|Any CPU.Build.0 = Debug|Any CPU
		{74B30817-FA89-C6BB-9F21-BC57D2B75D49}.Release|Any CPU.ActiveCfg = Release|Any CPU
		{74B30817-FA89-C6BB-9F21-BC57D2B75D49}.Release|Any CPU.Build.0 = Release|Any CPU
		{AC9C1BE0-817B-9035-3D6B-8642AF67A0BE}.Debug|Any CPU.ActiveCfg = Debug|Any CPU
		{AC9C1BE0-817B-9035-3D6B-8642AF67A0BE}.Debug|Any CPU.Build.0 = Debug|Any CPU
		{AC9C1BE0-817B-9035-3D6B-8642AF67A0BE}.Release|Any CPU.ActiveCfg = Release|Any CPU
		{AC9C1BE0-817B-9035-3D6B-8642AF67A0BE}.Release|Any CPU.Build.0 = Release|Any CPU
		{497125D9-2515-BB8C-0249-A3FB37B41FE4}.Debug|Any CPU.ActiveCfg = Debug|Any CPU
		{497125D9-2515-BB8C-0249-A3FB37B41FE4}.Debug|Any CPU.Build.0 = Debug|Any CPU
		{497125D9-2515-BB8C-0249-A3FB37B41FE4}.Release|Any CPU.ActiveCfg = Release|Any CPU
		{497125D9-2515-BB8C-0249-A3FB37B41FE4}.Release|Any CPU.Build.0 = Release|Any CPU
	EndGlobalSection
	GlobalSection(SolutionProperties) = preSolution
		HideSolutionNode = FALSE
	EndGlobalSection
	GlobalSection(NestedProjects) = preSolution
		{F04FE0D3-6909-2626-A2C0-58D9EB4BA9F2} = {351EE6B2-85A8-425D-B689-978D2233414E}
		{E3C50E87-720A-50C2-14C3-EA819FAFFE7E} = {351EE6B2-85A8-425D-B689-978D2233414E}
		{DD67E496-B2F4-BBA7-7A80-E4CE70742CEE} = {351EE6B2-85A8-425D-B689-978D2233414E}
		{39272EE1-4CE9-76D6-CE86-21F663E4EB82} = {351EE6B2-85A8-425D-B689-978D2233414E}
		{0E178156-9850-CF08-5353-A006C82AE93C} = {351EE6B2-85A8-425D-B689-978D2233414E}
		{874B097A-FA20-FB78-58F8-575767F87BA0} = {351EE6B2-85A8-425D-B689-978D2233414E}
		{478323D9-EDEC-91CF-7F1F-7014AE385E78} = {351EE6B2-85A8-425D-B689-978D2233414E}
		{B17C6BC2-09A8-225D-912D-1391AA689F7E} = {351EE6B2-85A8-425D-B689-978D2233414E}
		{5E55EB81-74A3-6E6D-C118-2A92FF15368D} = {351EE6B2-85A8-425D-B689-978D2233414E}
		{8ADB5DC7-86DC-3221-A48C-8E720443FA54} = {351EE6B2-85A8-425D-B689-978D2233414E}
		{88C22B52-BD66-B92F-9905-C3E5C2D9AA18} = {351EE6B2-85A8-425D-B689-978D2233414E}
		{FCFB5E17-4293-B5F5-6802-ED7B616DEED9} = {351EE6B2-85A8-425D-B689-978D2233414E}
		{513BB6E3-8FD3-1ED3-6814-DFCF2F010872} = {02EA681E-C7D8-13C7-8484-4AC65E1B71E8}
		{24CDC107-841E-B5CF-534F-05ABF01C2941} = {02EA681E-C7D8-13C7-8484-4AC65E1B71E8}
		{90CB9A59-9C20-D7CF-15C6-33852434EC7B} = {02EA681E-C7D8-13C7-8484-4AC65E1B71E8}
		{01524A39-98F7-8427-3611-8FB453C74DBE} = {02EA681E-C7D8-13C7-8484-4AC65E1B71E8}
		{4CA67017-0BFA-2589-09F1-E55442B33B43} = {02EA681E-C7D8-13C7-8484-4AC65E1B71E8}
		{28D59825-CD59-6B82-8760-C4678C8F3EA8} = {3AB28660-0279-4680-BE7C-C940290BF7B8}
		{887EF2F7-4B9C-AE37-9D23-E832BAF8AF4D} = {3AB28660-0279-4680-BE7C-C940290BF7B8}
		{2D62E00B-1C44-C82F-FABF-7503D1BDC731} = {3AB28660-0279-4680-BE7C-C940290BF7B8}
		{8229621B-AF61-E7B3-966B-06E2EE6982D1} = {3AB28660-0279-4680-BE7C-C940290BF7B8}
		{F7451E71-BBB8-B807-4E86-3AD1D3CCFAA6} = {3AB28660-0279-4680-BE7C-C940290BF7B8}
		{C0CE77BA-7412-4A9E-0047-84813AB1DEDB} = {3AB28660-0279-4680-BE7C-C940290BF7B8}
		{E1BEBC26-1B8D-1875-9E93-B758B9BCC348} = {44C15A7C-F898-4798-A08E-13D57D2B6820}
		{7E697515-592F-C213-9FFB-F0888A378B0F} = {44C15A7C-F898-4798-A08E-13D57D2B6820}
		{4A45AABD-C8B0-FA15-7E8D-F36256B7BAE2} = {44C15A7C-F898-4798-A08E-13D57D2B6820}
		{1A5C839D-E419-3BF0-BC56-2E92F84995AE} = {44C15A7C-F898-4798-A08E-13D57D2B6820}
		{001B46AB-244B-2036-41BB-010536A979CE} = {44C15A7C-F898-4798-A08E-13D57D2B6820}
		{B98879E5-46E2-31EF-EB7E-58B1E81D856D} = {44C15A7C-F898-4798-A08E-13D57D2B6820}
		{2A26CBBA-96E9-8020-1122-93EF91DC17D2} = {44C15A7C-F898-4798-A08E-13D57D2B6820}
		{0741D1DE-1513-DAF1-6ACB-FF9FAE53DE1E} = {44C15A7C-F898-4798-A08E-13D57D2B6820}
		{7A0541DD-777F-B917-9F67-6243BAB1EF75} = {44C15A7C-F898-4798-A08E-13D57D2B6820}
		{DF890B13-284B-6E61-948D-793E001A8885} = {44C15A7C-F898-4798-A08E-13D57D2B6820}
		{92CF26B9-DD9D-164C-DE1D-B7ED9468CE8E} = {44C15A7C-F898-4798-A08E-13D57D2B6820}
		{7BEF0CBB-3584-D179-187F-427B191B79CC} = {44C15A7C-F898-4798-A08E-13D57D2B6820}
		{FA4AE2E0-5B4A-841C-AB66-69D25912C314} = {44C15A7C-F898-4798-A08E-13D57D2B6820}
		{FD37C22F-FA43-8E41-419B-1865FCAB695C} = {C1B15449-3F75-4BB5-BCB3-EEA560B0A941}
		{AB680AE9-B1F4-E6D1-EC02-1E489B2F2835} = {C1B15449-3F75-4BB5-BCB3-EEA560B0A941}
		{C1893658-4E7B-23EA-31F9-EFD25307DFA4} = {C1B15449-3F75-4BB5-BCB3-EEA560B0A941}
		{C54C7E46-E045-3266-03AB-07AF9DEC5B2E} = {C1B15449-3F75-4BB5-BCB3-EEA560B0A941}
		{F6E735A3-285C-F3CA-F9D4-98E79F492435} = {6E15952E-B6D9-445F-9E7D-F8BF855D19D5}
		{1421A7DD-E8ED-64F2-E2DA-959A826723AD} = {6E15952E-B6D9-445F-9E7D-F8BF855D19D5}
		{41BB2DF7-7F90-0635-1836-CACD29B0ED7D} = {6E15952E-B6D9-445F-9E7D-F8BF855D19D5}
		{8FD035CC-CAEB-51A7-DE88-E5BCAE4B523C} = {6E15952E-B6D9-445F-9E7D-F8BF855D19D5}
		{0C2DF2C8-12B2-3790-39A0-C5C365052A75} = {6E15952E-B6D9-445F-9E7D-F8BF855D19D5}
		{A307FC8A-AF38-D913-C016-69CF653F1EBD} = {6E15952E-B6D9-445F-9E7D-F8BF855D19D5}
		{74B30817-FA89-C6BB-9F21-BC57D2B75D49} = {6E15952E-B6D9-445F-9E7D-F8BF855D19D5}
		{AC9C1BE0-817B-9035-3D6B-8642AF67A0BE} = {D1F5D062-3BD7-45A6-B049-99E71F9A9154}
		{497125D9-2515-BB8C-0249-A3FB37B41FE4} = {D1F5D062-3BD7-45A6-B049-99E71F9A9154}
	EndGlobalSection
	GlobalSection(ExtensibilityGlobals) = postSolution
		SolutionGuid = {C3AC6AE9-1929-4EA6-B06F-9C9315C8AE96}
	EndGlobalSection
EndGlobal
